Microsoft Visual Studio Solution File, Format Version 12.00
# Visual Studio 15
VisualStudioVersion = 15.0.28307.539
MinimumVisualStudioVersion = 10.0.40219.1
Project("{9A19103F-16F7-4668-BE54-9A1E7A4F7556}") = "Unity.Timeline.msb4u", "..\MSBuild\Projects\Unity.Timeline.msb4u.csproj", "{F06555F7-5B07-0AF4-58A0-03D92F9EFB00}"
EndProject
Project("{9A19103F-16F7-4668-BE54-9A1E7A4F7556}") = "Unity.Subsystem.Registration.msb4u", "..\MSBuild\Projects\Unity.Subsystem.Registration.msb4u.csproj", "{D03624F0-2FD4-AEF4-AA6B-888A1B059AD7}"
EndProject
Project("{9A19103F-16F7-4668-BE54-9A1E7A4F7556}") = "com.unity.multiplayer-hlapi.Runtime.msb4u", "..\MSBuild\Projects\com.unity.multiplayer-hlapi.Runtime.msb4u.csproj", "{A44F47CF-3ADA-4435-DBC5-16BAD0BC86FE}"
EndProject
Project("{9A19103F-16F7-4668-BE54-9A1E7A4F7556}") = "com.unity.multiplayer-weaver.Editor.msb4u", "..\MSBuild\Projects\com.unity.multiplayer-weaver.Editor.msb4u.csproj", "{5710C1F8-59F1-945B-6BC9-B33CFF6B43FC}"
EndProject
Project("{9A19103F-16F7-4668-BE54-9A1E7A4F7556}") = "Unity.VSCode.Editor.msb4u", "..\MSBuild\Projects\Unity.VSCode.Editor.msb4u.csproj", "{8B845B12-3AB4-1844-8A8B-E2935FA804E0}"
EndProject
Project("{9A19103F-16F7-4668-BE54-9A1E7A4F7556}") = "Unity.InternalAPIEditorBridge.005.msb4u", "..\MSBuild\Projects\Unity.InternalAPIEditorBridge.005.msb4u.csproj", "{DD3313CA-0C5C-44BC-F9D0-4FB62792CA4F}"
EndProject
Project("{9A19103F-16F7-4668-BE54-9A1E7A4F7556}") = "UnityEngine.SpatialTracking.msb4u", "..\MSBuild\Projects\UnityEngine.SpatialTracking.msb4u.csproj", "{BA171B3D-D2A5-1234-AB86-4770F99741A5}"
EndProject
Project("{9A19103F-16F7-4668-BE54-9A1E7A4F7556}") = "UnityEngine.UI.msb4u", "..\MSBuild\Projects\UnityEngine.UI.msb4u.csproj", "{2BAFAC87-E7F4-B9B4-18D9-448D219B01AB}"
EndProject
Project("{9A19103F-16F7-4668-BE54-9A1E7A4F7556}") = "UnityEditor.UI.msb4u", "..\MSBuild\Projects\UnityEditor.UI.msb4u.csproj", "{343DEAAF-83E0-CEE4-CA97-8E7DF0B80D21}"
	ProjectSection(ProjectDependencies) = postProject
		{2BAFAC87-E7F4-B9B4-18D9-448D219B01AB} = {2BAFAC87-E7F4-B9B4-18D9-448D219B01AB}
	EndProjectSection
EndProject
Project("{9A19103F-16F7-4668-BE54-9A1E7A4F7556}") = "Unity.CollabProxy.Editor.msb4u", "..\MSBuild\Projects\Unity.CollabProxy.Editor.msb4u.csproj", "{645165C8-1694-74BF-BBEB-8FB0BCFD26F5}"
EndProject
Project("{9A19103F-16F7-4668-BE54-9A1E7A4F7556}") = "UnityEngine.XR.LegacyInputHelpers.msb4u", "..\MSBuild\Projects\UnityEngine.XR.LegacyInputHelpers.msb4u.csproj", "{28C5E819-ECE8-A074-6ABB-16DC5AA91F44}"
	ProjectSection(ProjectDependencies) = postProject
		{BA171B3D-D2A5-1234-AB86-4770F99741A5} = {BA171B3D-D2A5-1234-AB86-4770F99741A5}
	EndProjectSection
EndProject
Project("{9A19103F-16F7-4668-BE54-9A1E7A4F7556}") = "Unity.Rider.Editor.msb4u", "..\MSBuild\Projects\Unity.Rider.Editor.msb4u.csproj", "{D528C8C9-8D26-9CA4-4A06-CD9624A03945}"
EndProject
Project("{9A19103F-16F7-4668-BE54-9A1E7A4F7556}") = "MSBuildForUnity.msb4u", "..\MSBuild\Projects\MSBuildForUnity.msb4u.csproj", "{0DF1F49A-50F1-5354-5BF9-9E3DBB6674AD}"
EndProject
Project("{9A19103F-16F7-4668-BE54-9A1E7A4F7556}") = "Unity.2D.Sprite.Editor.msb4u", "..\MSBuild\Projects\Unity.2D.Sprite.Editor.msb4u.csproj", "{2C573E6B-2716-5184-6A79-655161004C5B}"
EndProject
Project("{9A19103F-16F7-4668-BE54-9A1E7A4F7556}") = "Unity.2D.Tilemap.Editor.msb4u", "..\MSBuild\Projects\Unity.2D.Tilemap.Editor.msb4u.csproj", "{3A9781DB-4804-A994-5B98-83F3A7C46D45}"
EndProject
Project("{9A19103F-16F7-4668-BE54-9A1E7A4F7556}") = "UnityEditor.SpatialTracking.msb4u", "..\MSBuild\Projects\UnityEditor.SpatialTracking.msb4u.csproj", "{B13A1D1D-FB13-F1B4-89A0-FF5612F36F29}"
	ProjectSection(ProjectDependencies) = postProject
		{BA171B3D-D2A5-1234-AB86-4770F99741A5} = {BA171B3D-D2A5-1234-AB86-4770F99741A5}
	EndProjectSection
EndProject
Project("{9A19103F-16F7-4668-BE54-9A1E7A4F7556}") = "Unity.Analytics.DataPrivacy.msb4u", "..\MSBuild\Projects\Unity.Analytics.DataPrivacy.msb4u.csproj", "{0FDA7EBE-61AB-2164-383D-10E32EFB9C6E}"
	ProjectSection(ProjectDependencies) = postProject
		{2BAFAC87-E7F4-B9B4-18D9-448D219B01AB} = {2BAFAC87-E7F4-B9B4-18D9-448D219B01AB}
	EndProjectSection
EndProject
Project("{9A19103F-16F7-4668-BE54-9A1E7A4F7556}") = "UnityEditor.XR.LegacyInputHelpers.msb4u", "..\MSBuild\Projects\UnityEditor.XR.LegacyInputHelpers.msb4u.csproj", "{52C867DE-B383-2554-C84D-C4202BD47258}"
	ProjectSection(ProjectDependencies) = postProject
		{28C5E819-ECE8-A074-6ABB-16DC5AA91F44} = {28C5E819-ECE8-A074-6ABB-16DC5AA91F44}
		{BA171B3D-D2A5-1234-AB86-4770F99741A5} = {BA171B3D-D2A5-1234-AB86-4770F99741A5}
	EndProjectSection
EndProject
Project("{9A19103F-16F7-4668-BE54-9A1E7A4F7556}") = "Unity.Timeline.Editor.msb4u", "..\MSBuild\Projects\Unity.Timeline.Editor.msb4u.csproj", "{02F77120-4943-F4A4-0949-438E873E3EFF}"
	ProjectSection(ProjectDependencies) = postProject
		{F06555F7-5B07-0AF4-58A0-03D92F9EFB00} = {F06555F7-5B07-0AF4-58A0-03D92F9EFB00}
	EndProjectSection
EndProject
Project("{9A19103F-16F7-4668-BE54-9A1E7A4F7556}") = "Unity.XR.ARSubsystems.msb4u", "..\MSBuild\Projects\Unity.XR.ARSubsystems.msb4u.csproj", "{92703082-F92B-41BA-80F0-D6912DE66115}"
	ProjectSection(ProjectDependencies) = postProject
		{D03624F0-2FD4-AEF4-AA6B-888A1B059AD7} = {D03624F0-2FD4-AEF4-AA6B-888A1B059AD7}
	EndProjectSection
EndProject
Project("{9A19103F-16F7-4668-BE54-9A1E7A4F7556}") = "com.unity.multiplayer-hlapi.Editor.msb4u", "..\MSBuild\Projects\com.unity.multiplayer-hlapi.Editor.msb4u.csproj", "{1C73E6E1-E2B7-8495-3A92-12924DC002D1}"
	ProjectSection(ProjectDependencies) = postProject
		{A44F47CF-3ADA-4435-DBC5-16BAD0BC86FE} = {A44F47CF-3ADA-4435-DBC5-16BAD0BC86FE}
		{5710C1F8-59F1-945B-6BC9-B33CFF6B43FC} = {5710C1F8-59F1-945B-6BC9-B33CFF6B43FC}
	EndProjectSection
EndProject
Project("{9A19103F-16F7-4668-BE54-9A1E7A4F7556}") = "Unity.XR.ARSubsystems.Editor.msb4u", "..\MSBuild\Projects\Unity.XR.ARSubsystems.Editor.msb4u.csproj", "{8B0C2853-A940-D4FD-9979-BAC438EB5BF3}"
	ProjectSection(ProjectDependencies) = postProject
		{92703082-F92B-41BA-80F0-D6912DE66115} = {92703082-F92B-41BA-80F0-D6912DE66115}
		{DD3313CA-0C5C-44BC-F9D0-4FB62792CA4F} = {DD3313CA-0C5C-44BC-F9D0-4FB62792CA4F}
	EndProjectSection
EndProject
Project("{9A19103F-16F7-4668-BE54-9A1E7A4F7556}") = "Unity.XR.ARCore.msb4u", "..\MSBuild\Projects\Unity.XR.ARCore.msb4u.csproj", "{9E6BDF94-FCB2-45C5-85C2-6819FA23A202}"
	ProjectSection(ProjectDependencies) = postProject
		{92703082-F92B-41BA-80F0-D6912DE66115} = {92703082-F92B-41BA-80F0-D6912DE66115}
	EndProjectSection
EndProject
Project("{9A19103F-16F7-4668-BE54-9A1E7A4F7556}") = "Unity.XR.ARFoundation.msb4u", "..\MSBuild\Projects\Unity.XR.ARFoundation.msb4u.csproj", "{A9420E37-D799-0B54-ABDE-F6688EDBE313}"
	ProjectSection(ProjectDependencies) = postProject
		{BA171B3D-D2A5-1234-AB86-4770F99741A5} = {BA171B3D-D2A5-1234-AB86-4770F99741A5}
		{92703082-F92B-41BA-80F0-D6912DE66115} = {92703082-F92B-41BA-80F0-D6912DE66115}
	EndProjectSection
EndProject
Project("{9A19103F-16F7-4668-BE54-9A1E7A4F7556}") = "Unity.TextMeshPro.msb4u", "..\MSBuild\Projects\Unity.TextMeshPro.msb4u.csproj", "{6055BE8E-BEFD-69E4-8B49-212B09B47B2F}"
	ProjectSection(ProjectDependencies) = postProject
		{2BAFAC87-E7F4-B9B4-18D9-448D219B01AB} = {2BAFAC87-E7F4-B9B4-18D9-448D219B01AB}
	EndProjectSection
EndProject
Project("{9A19103F-16F7-4668-BE54-9A1E7A4F7556}") = "Unity.XR.ARCore.Editor.msb4u", "..\MSBuild\Projects\Unity.XR.ARCore.Editor.msb4u.csproj", "{D76576B7-68DA-4171-B007-F21C44FABE13}"
	ProjectSection(ProjectDependencies) = postProject
		{9E6BDF94-FCB2-45C5-85C2-6819FA23A202} = {9E6BDF94-FCB2-45C5-85C2-6819FA23A202}
		{92703082-F92B-41BA-80F0-D6912DE66115} = {92703082-F92B-41BA-80F0-D6912DE66115}
	EndProjectSection
EndProject
Project("{9A19103F-16F7-4668-BE54-9A1E7A4F7556}") = "Unity.XR.ARKit.msb4u", "..\MSBuild\Projects\Unity.XR.ARKit.msb4u.csproj", "{DFD0CE20-189D-48E5-B22B-B4134B558F5A}"
	ProjectSection(ProjectDependencies) = postProject
		{92703082-F92B-41BA-80F0-D6912DE66115} = {92703082-F92B-41BA-80F0-D6912DE66115}
	EndProjectSection
EndProject
Project("{9A19103F-16F7-4668-BE54-9A1E7A4F7556}") = "Unity.XR.ARFoundation.Editor.msb4u", "..\MSBuild\Projects\Unity.XR.ARFoundation.Editor.msb4u.csproj", "{7F759C46-4CB5-EA84-48D4-41F13B57AEC0}"
	ProjectSection(ProjectDependencies) = postProject
		{BA171B3D-D2A5-1234-AB86-4770F99741A5} = {BA171B3D-D2A5-1234-AB86-4770F99741A5}
		{A9420E37-D799-0B54-ABDE-F6688EDBE313} = {A9420E37-D799-0B54-ABDE-F6688EDBE313}
		{92703082-F92B-41BA-80F0-D6912DE66115} = {92703082-F92B-41BA-80F0-D6912DE66115}
	EndProjectSection
EndProject
Project("{9A19103F-16F7-4668-BE54-9A1E7A4F7556}") = "Unity.TextMeshPro.Editor.msb4u", "..\MSBuild\Projects\Unity.TextMeshPro.Editor.msb4u.csproj", "{6546D776-5B41-65B4-0850-B3667F981C26}"
	ProjectSection(ProjectDependencies) = postProject
		{6055BE8E-BEFD-69E4-8B49-212B09B47B2F} = {6055BE8E-BEFD-69E4-8B49-212B09B47B2F}
		{2BAFAC87-E7F4-B9B4-18D9-448D219B01AB} = {2BAFAC87-E7F4-B9B4-18D9-448D219B01AB}
		{343DEAAF-83E0-CEE4-CA97-8E7DF0B80D21} = {343DEAAF-83E0-CEE4-CA97-8E7DF0B80D21}
	EndProjectSection
EndProject
Project("{9A19103F-16F7-4668-BE54-9A1E7A4F7556}") = "Unity.XR.ARKit.Editor.msb4u", "..\MSBuild\Projects\Unity.XR.ARKit.Editor.msb4u.csproj", "{7910D4AF-31B7-41AC-B1BC-E1140634A975}"
	ProjectSection(ProjectDependencies) = postProject
		{DFD0CE20-189D-48E5-B22B-B4134B558F5A} = {DFD0CE20-189D-48E5-B22B-B4134B558F5A}
		{92703082-F92B-41BA-80F0-D6912DE66115} = {92703082-F92B-41BA-80F0-D6912DE66115}
		{8B0C2853-A940-D4FD-9979-BAC438EB5BF3} = {8B0C2853-A940-D4FD-9979-BAC438EB5BF3}
	EndProjectSection
EndProject
Project("{9A19103F-16F7-4668-BE54-9A1E7A4F7556}") = "Assembly-CSharp.msb4u", "Assembly-CSharp.msb4u.csproj", "{97386677-BCE5-44C1-A6D1-B348C273B000}"
	ProjectSection(ProjectDependencies) = postProject
		{02F77120-4943-F4A4-0949-438E873E3EFF} = {02F77120-4943-F4A4-0949-438E873E3EFF}
		{DFD0CE20-189D-48E5-B22B-B4134B558F5A} = {DFD0CE20-189D-48E5-B22B-B4134B558F5A}
		{D03624F0-2FD4-AEF4-AA6B-888A1B059AD7} = {D03624F0-2FD4-AEF4-AA6B-888A1B059AD7}
		{1C73E6E1-E2B7-8495-3A92-12924DC002D1} = {1C73E6E1-E2B7-8495-3A92-12924DC002D1}
		{8B845B12-3AB4-1844-8A8B-E2935FA804E0} = {8B845B12-3AB4-1844-8A8B-E2935FA804E0}
		{92703082-F92B-41BA-80F0-D6912DE66115} = {92703082-F92B-41BA-80F0-D6912DE66115}
		{8B0C2853-A940-D4FD-9979-BAC438EB5BF3} = {8B0C2853-A940-D4FD-9979-BAC438EB5BF3}
		{9E6BDF94-FCB2-45C5-85C2-6819FA23A202} = {9E6BDF94-FCB2-45C5-85C2-6819FA23A202}
		{7F759C46-4CB5-EA84-48D4-41F13B57AEC0} = {7F759C46-4CB5-EA84-48D4-41F13B57AEC0}
		{6546D776-5B41-65B4-0850-B3667F981C26} = {6546D776-5B41-65B4-0850-B3667F981C26}
		{A9420E37-D799-0B54-ABDE-F6688EDBE313} = {A9420E37-D799-0B54-ABDE-F6688EDBE313}
		{2BAFAC87-E7F4-B9B4-18D9-448D219B01AB} = {2BAFAC87-E7F4-B9B4-18D9-448D219B01AB}
		{D76576B7-68DA-4171-B007-F21C44FABE13} = {D76576B7-68DA-4171-B007-F21C44FABE13}
		{F06555F7-5B07-0AF4-58A0-03D92F9EFB00} = {F06555F7-5B07-0AF4-58A0-03D92F9EFB00}
		{645165C8-1694-74BF-BBEB-8FB0BCFD26F5} = {645165C8-1694-74BF-BBEB-8FB0BCFD26F5}
		{5710C1F8-59F1-945B-6BC9-B33CFF6B43FC} = {5710C1F8-59F1-945B-6BC9-B33CFF6B43FC}
		{28C5E819-ECE8-A074-6ABB-16DC5AA91F44} = {28C5E819-ECE8-A074-6ABB-16DC5AA91F44}
		{D528C8C9-8D26-9CA4-4A06-CD9624A03945} = {D528C8C9-8D26-9CA4-4A06-CD9624A03945}
		{0DF1F49A-50F1-5354-5BF9-9E3DBB6674AD} = {0DF1F49A-50F1-5354-5BF9-9E3DBB6674AD}
		{2C573E6B-2716-5184-6A79-655161004C5B} = {2C573E6B-2716-5184-6A79-655161004C5B}
		{3A9781DB-4804-A994-5B98-83F3A7C46D45} = {3A9781DB-4804-A994-5B98-83F3A7C46D45}
		{B13A1D1D-FB13-F1B4-89A0-FF5612F36F29} = {B13A1D1D-FB13-F1B4-89A0-FF5612F36F29}
		{BA171B3D-D2A5-1234-AB86-4770F99741A5} = {BA171B3D-D2A5-1234-AB86-4770F99741A5}
		{6055BE8E-BEFD-69E4-8B49-212B09B47B2F} = {6055BE8E-BEFD-69E4-8B49-212B09B47B2F}
		{0FDA7EBE-61AB-2164-383D-10E32EFB9C6E} = {0FDA7EBE-61AB-2164-383D-10E32EFB9C6E}
		{52C867DE-B383-2554-C84D-C4202BD47258} = {52C867DE-B383-2554-C84D-C4202BD47258}
		{7910D4AF-31B7-41AC-B1BC-E1140634A975} = {7910D4AF-31B7-41AC-B1BC-E1140634A975}
		{343DEAAF-83E0-CEE4-CA97-8E7DF0B80D21} = {343DEAAF-83E0-CEE4-CA97-8E7DF0B80D21}
		{A44F47CF-3ADA-4435-DBC5-16BAD0BC86FE} = {A44F47CF-3ADA-4435-DBC5-16BAD0BC86FE}
	EndProjectSection
EndProject
Project("{9A19103F-16F7-4668-BE54-9A1E7A4F7556}") = "Dependencies.msb4u", "Dependencies.msb4u.csproj", "{86B9A0C9-B3A4-4A1B-9A2A-6C42CAAE9CE3}"
EndProject
Project("{2150E333-8FDC-42A3-9474-1A3956D46DE8}") = "Built In Packages", "Built In Packages", "{AE8031DB-34EF-45DA-B7DC-C5FFEB6AD8BB}"
EndProject
Project("{2150E333-8FDC-42A3-9474-1A3956D46DE8}") = "Imported Packages", "Imported Packages", "{59F99E2F-2341-4899-8322-94A3CBAD1CAB}"
EndProject
Project("{2150E333-8FDC-42A3-9474-1A3956D46DE8}") = "External Packages", "External Packages", "{91D0E16C-0D52-4506-A68B-492BE89AB57C}"
EndProject
Global
	GlobalSection(SolutionConfigurationPlatforms) = preSolution
		InEditor|Android = InEditor|Android
		InEditor|iOS = InEditor|iOS
		InEditor|WindowsStandalone32 = InEditor|WindowsStandalone32
		InEditor|WindowsStandalone64 = InEditor|WindowsStandalone64
		InEditor|WSA = InEditor|WSA
		Player|Android = Player|Android
		Player|iOS = Player|iOS
		Player|WindowsStandalone32 = Player|WindowsStandalone32
		Player|WindowsStandalone64 = Player|WindowsStandalone64
		Player|WSA = Player|WSA
	EndGlobalSection
	GlobalSection(ProjectConfigurationPlatforms) = postSolution
		{F06555F7-5B07-0AF4-58A0-03D92F9EFB00}.InEditor|Android.ActiveCfg = InEditor|Android
		{F06555F7-5B07-0AF4-58A0-03D92F9EFB00}.InEditor|Android.Build.0 = InEditor|Android
		{F06555F7-5B07-0AF4-58A0-03D92F9EFB00}.InEditor|iOS.ActiveCfg = InEditor|iOS
		{F06555F7-5B07-0AF4-58A0-03D92F9EFB00}.InEditor|iOS.Build.0 = InEditor|iOS
		{F06555F7-5B07-0AF4-58A0-03D92F9EFB00}.InEditor|WindowsStandalone32.ActiveCfg = InEditor|WindowsStandalone32
		{F06555F7-5B07-0AF4-58A0-03D92F9EFB00}.InEditor|WindowsStandalone32.Build.0 = InEditor|WindowsStandalone32
		{F06555F7-5B07-0AF4-58A0-03D92F9EFB00}.InEditor|WindowsStandalone64.ActiveCfg = InEditor|WindowsStandalone64
		{F06555F7-5B07-0AF4-58A0-03D92F9EFB00}.InEditor|WindowsStandalone64.Build.0 = InEditor|WindowsStandalone64
		{F06555F7-5B07-0AF4-58A0-03D92F9EFB00}.InEditor|WSA.ActiveCfg = InEditor|WSA
		{F06555F7-5B07-0AF4-58A0-03D92F9EFB00}.InEditor|WSA.Build.0 = InEditor|WSA
		{F06555F7-5B07-0AF4-58A0-03D92F9EFB00}.Player|Android.ActiveCfg = Player|Android
		{F06555F7-5B07-0AF4-58A0-03D92F9EFB00}.Player|Android.Build.0 = Player|Android
		{F06555F7-5B07-0AF4-58A0-03D92F9EFB00}.Player|iOS.ActiveCfg = Player|iOS
		{F06555F7-5B07-0AF4-58A0-03D92F9EFB00}.Player|iOS.Build.0 = Player|iOS
		{F06555F7-5B07-0AF4-58A0-03D92F9EFB00}.Player|WindowsStandalone32.ActiveCfg = Player|WindowsStandalone32
		{F06555F7-5B07-0AF4-58A0-03D92F9EFB00}.Player|WindowsStandalone32.Build.0 = Player|WindowsStandalone32
		{F06555F7-5B07-0AF4-58A0-03D92F9EFB00}.Player|WindowsStandalone64.ActiveCfg = Player|WindowsStandalone64
		{F06555F7-5B07-0AF4-58A0-03D92F9EFB00}.Player|WindowsStandalone64.Build.0 = Player|WindowsStandalone64
		{F06555F7-5B07-0AF4-58A0-03D92F9EFB00}.Player|WSA.ActiveCfg = Player|WSA
		{F06555F7-5B07-0AF4-58A0-03D92F9EFB00}.Player|WSA.Build.0 = Player|WSA
		{D03624F0-2FD4-AEF4-AA6B-888A1B059AD7}.InEditor|Android.ActiveCfg = InEditor|Android
		{D03624F0-2FD4-AEF4-AA6B-888A1B059AD7}.InEditor|Android.Build.0 = InEditor|Android
		{D03624F0-2FD4-AEF4-AA6B-888A1B059AD7}.InEditor|iOS.ActiveCfg = InEditor|iOS
		{D03624F0-2FD4-AEF4-AA6B-888A1B059AD7}.InEditor|iOS.Build.0 = InEditor|iOS
		{D03624F0-2FD4-AEF4-AA6B-888A1B059AD7}.InEditor|WindowsStandalone32.ActiveCfg = InEditor|WindowsStandalone32
		{D03624F0-2FD4-AEF4-AA6B-888A1B059AD7}.InEditor|WindowsStandalone32.Build.0 = InEditor|WindowsStandalone32
		{D03624F0-2FD4-AEF4-AA6B-888A1B059AD7}.InEditor|WindowsStandalone64.ActiveCfg = InEditor|WindowsStandalone64
		{D03624F0-2FD4-AEF4-AA6B-888A1B059AD7}.InEditor|WindowsStandalone64.Build.0 = InEditor|WindowsStandalone64
		{D03624F0-2FD4-AEF4-AA6B-888A1B059AD7}.InEditor|WSA.ActiveCfg = InEditor|WSA
		{D03624F0-2FD4-AEF4-AA6B-888A1B059AD7}.InEditor|WSA.Build.0 = InEditor|WSA
		{D03624F0-2FD4-AEF4-AA6B-888A1B059AD7}.Player|Android.ActiveCfg = Player|Android
		{D03624F0-2FD4-AEF4-AA6B-888A1B059AD7}.Player|Android.Build.0 = Player|Android
		{D03624F0-2FD4-AEF4-AA6B-888A1B059AD7}.Player|iOS.ActiveCfg = Player|iOS
		{D03624F0-2FD4-AEF4-AA6B-888A1B059AD7}.Player|iOS.Build.0 = Player|iOS
		{D03624F0-2FD4-AEF4-AA6B-888A1B059AD7}.Player|WindowsStandalone32.ActiveCfg = Player|WindowsStandalone32
		{D03624F0-2FD4-AEF4-AA6B-888A1B059AD7}.Player|WindowsStandalone32.Build.0 = Player|WindowsStandalone32
		{D03624F0-2FD4-AEF4-AA6B-888A1B059AD7}.Player|WindowsStandalone64.ActiveCfg = Player|WindowsStandalone64
		{D03624F0-2FD4-AEF4-AA6B-888A1B059AD7}.Player|WindowsStandalone64.Build.0 = Player|WindowsStandalone64
		{D03624F0-2FD4-AEF4-AA6B-888A1B059AD7}.Player|WSA.ActiveCfg = Player|WSA
		{D03624F0-2FD4-AEF4-AA6B-888A1B059AD7}.Player|WSA.Build.0 = Player|WSA
		{A44F47CF-3ADA-4435-DBC5-16BAD0BC86FE}.InEditor|Android.ActiveCfg = InEditor|Android
		{A44F47CF-3ADA-4435-DBC5-16BAD0BC86FE}.InEditor|Android.Build.0 = InEditor|Android
		{A44F47CF-3ADA-4435-DBC5-16BAD0BC86FE}.InEditor|iOS.ActiveCfg = InEditor|iOS
		{A44F47CF-3ADA-4435-DBC5-16BAD0BC86FE}.InEditor|iOS.Build.0 = InEditor|iOS
		{A44F47CF-3ADA-4435-DBC5-16BAD0BC86FE}.InEditor|WindowsStandalone32.ActiveCfg = InEditor|WindowsStandalone32
		{A44F47CF-3ADA-4435-DBC5-16BAD0BC86FE}.InEditor|WindowsStandalone32.Build.0 = InEditor|WindowsStandalone32
		{A44F47CF-3ADA-4435-DBC5-16BAD0BC86FE}.InEditor|WindowsStandalone64.ActiveCfg = InEditor|WindowsStandalone64
		{A44F47CF-3ADA-4435-DBC5-16BAD0BC86FE}.InEditor|WindowsStandalone64.Build.0 = InEditor|WindowsStandalone64
		{A44F47CF-3ADA-4435-DBC5-16BAD0BC86FE}.InEditor|WSA.ActiveCfg = InEditor|WSA
		{A44F47CF-3ADA-4435-DBC5-16BAD0BC86FE}.InEditor|WSA.Build.0 = InEditor|WSA
		{A44F47CF-3ADA-4435-DBC5-16BAD0BC86FE}.Player|Android.ActiveCfg = Player|Android
		{A44F47CF-3ADA-4435-DBC5-16BAD0BC86FE}.Player|Android.Build.0 = Player|Android
		{A44F47CF-3ADA-4435-DBC5-16BAD0BC86FE}.Player|iOS.ActiveCfg = Player|iOS
		{A44F47CF-3ADA-4435-DBC5-16BAD0BC86FE}.Player|iOS.Build.0 = Player|iOS
		{A44F47CF-3ADA-4435-DBC5-16BAD0BC86FE}.Player|WindowsStandalone32.ActiveCfg = Player|WindowsStandalone32
		{A44F47CF-3ADA-4435-DBC5-16BAD0BC86FE}.Player|WindowsStandalone32.Build.0 = Player|WindowsStandalone32
		{A44F47CF-3ADA-4435-DBC5-16BAD0BC86FE}.Player|WindowsStandalone64.ActiveCfg = Player|WindowsStandalone64
		{A44F47CF-3ADA-4435-DBC5-16BAD0BC86FE}.Player|WindowsStandalone64.Build.0 = Player|WindowsStandalone64
		{A44F47CF-3ADA-4435-DBC5-16BAD0BC86FE}.Player|WSA.ActiveCfg = Player|WSA
		{A44F47CF-3ADA-4435-DBC5-16BAD0BC86FE}.Player|WSA.Build.0 = Player|WSA
		{5710C1F8-59F1-945B-6BC9-B33CFF6B43FC}.InEditor|Android.ActiveCfg = InEditor|Android
		{5710C1F8-59F1-945B-6BC9-B33CFF6B43FC}.InEditor|Android.Build.0 = InEditor|Android
		{5710C1F8-59F1-945B-6BC9-B33CFF6B43FC}.InEditor|iOS.ActiveCfg = InEditor|iOS
		{5710C1F8-59F1-945B-6BC9-B33CFF6B43FC}.InEditor|iOS.Build.0 = InEditor|iOS
		{5710C1F8-59F1-945B-6BC9-B33CFF6B43FC}.InEditor|WindowsStandalone32.ActiveCfg = InEditor|WindowsStandalone32
		{5710C1F8-59F1-945B-6BC9-B33CFF6B43FC}.InEditor|WindowsStandalone32.Build.0 = InEditor|WindowsStandalone32
		{5710C1F8-59F1-945B-6BC9-B33CFF6B43FC}.InEditor|WindowsStandalone64.ActiveCfg = InEditor|WindowsStandalone64
		{5710C1F8-59F1-945B-6BC9-B33CFF6B43FC}.InEditor|WindowsStandalone64.Build.0 = InEditor|WindowsStandalone64
		{5710C1F8-59F1-945B-6BC9-B33CFF6B43FC}.InEditor|WSA.ActiveCfg = InEditor|WSA
		{5710C1F8-59F1-945B-6BC9-B33CFF6B43FC}.InEditor|WSA.Build.0 = InEditor|WSA
		{5710C1F8-59F1-945B-6BC9-B33CFF6B43FC}.Player|Android.ActiveCfg = Player|Android
		{5710C1F8-59F1-945B-6BC9-B33CFF6B43FC}.Player|iOS.ActiveCfg = Player|iOS
		{5710C1F8-59F1-945B-6BC9-B33CFF6B43FC}.Player|WindowsStandalone32.ActiveCfg = Player|WindowsStandalone32
		{5710C1F8-59F1-945B-6BC9-B33CFF6B43FC}.Player|WindowsStandalone64.ActiveCfg = Player|WindowsStandalone64
		{5710C1F8-59F1-945B-6BC9-B33CFF6B43FC}.Player|WSA.ActiveCfg = Player|WSA
		{8B845B12-3AB4-1844-8A8B-E2935FA804E0}.InEditor|Android.ActiveCfg = InEditor|Android
		{8B845B12-3AB4-1844-8A8B-E2935FA804E0}.InEditor|Android.Build.0 = InEditor|Android
		{8B845B12-3AB4-1844-8A8B-E2935FA804E0}.InEditor|iOS.ActiveCfg = InEditor|iOS
		{8B845B12-3AB4-1844-8A8B-E2935FA804E0}.InEditor|iOS.Build.0 = InEditor|iOS
		{8B845B12-3AB4-1844-8A8B-E2935FA804E0}.InEditor|WindowsStandalone32.ActiveCfg = InEditor|WindowsStandalone32
		{8B845B12-3AB4-1844-8A8B-E2935FA804E0}.InEditor|WindowsStandalone32.Build.0 = InEditor|WindowsStandalone32
		{8B845B12-3AB4-1844-8A8B-E2935FA804E0}.InEditor|WindowsStandalone64.ActiveCfg = InEditor|WindowsStandalone64
		{8B845B12-3AB4-1844-8A8B-E2935FA804E0}.InEditor|WindowsStandalone64.Build.0 = InEditor|WindowsStandalone64
		{8B845B12-3AB4-1844-8A8B-E2935FA804E0}.InEditor|WSA.ActiveCfg = InEditor|WSA
		{8B845B12-3AB4-1844-8A8B-E2935FA804E0}.InEditor|WSA.Build.0 = InEditor|WSA
		{8B845B12-3AB4-1844-8A8B-E2935FA804E0}.Player|Android.ActiveCfg = Player|Android
		{8B845B12-3AB4-1844-8A8B-E2935FA804E0}.Player|iOS.ActiveCfg = Player|iOS
		{8B845B12-3AB4-1844-8A8B-E2935FA804E0}.Player|WindowsStandalone32.ActiveCfg = Player|WindowsStandalone32
		{8B845B12-3AB4-1844-8A8B-E2935FA804E0}.Player|WindowsStandalone64.ActiveCfg = Player|WindowsStandalone64
		{8B845B12-3AB4-1844-8A8B-E2935FA804E0}.Player|WSA.ActiveCfg = Player|WSA
		{DD3313CA-0C5C-44BC-F9D0-4FB62792CA4F}.InEditor|Android.ActiveCfg = InEditor|Android
		{DD3313CA-0C5C-44BC-F9D0-4FB62792CA4F}.InEditor|Android.Build.0 = InEditor|Android
		{DD3313CA-0C5C-44BC-F9D0-4FB62792CA4F}.InEditor|iOS.ActiveCfg = InEditor|iOS
		{DD3313CA-0C5C-44BC-F9D0-4FB62792CA4F}.InEditor|iOS.Build.0 = InEditor|iOS
		{DD3313CA-0C5C-44BC-F9D0-4FB62792CA4F}.InEditor|WindowsStandalone32.ActiveCfg = InEditor|WindowsStandalone32
		{DD3313CA-0C5C-44BC-F9D0-4FB62792CA4F}.InEditor|WindowsStandalone32.Build.0 = InEditor|WindowsStandalone32
		{DD3313CA-0C5C-44BC-F9D0-4FB62792CA4F}.InEditor|WindowsStandalone64.ActiveCfg = InEditor|WindowsStandalone64
		{DD3313CA-0C5C-44BC-F9D0-4FB62792CA4F}.InEditor|WindowsStandalone64.Build.0 = InEditor|WindowsStandalone64
		{DD3313CA-0C5C-44BC-F9D0-4FB62792CA4F}.InEditor|WSA.ActiveCfg = InEditor|WSA
		{DD3313CA-0C5C-44BC-F9D0-4FB62792CA4F}.InEditor|WSA.Build.0 = InEditor|WSA
		{DD3313CA-0C5C-44BC-F9D0-4FB62792CA4F}.Player|Android.ActiveCfg = Player|Android
		{DD3313CA-0C5C-44BC-F9D0-4FB62792CA4F}.Player|iOS.ActiveCfg = Player|iOS
		{DD3313CA-0C5C-44BC-F9D0-4FB62792CA4F}.Player|WindowsStandalone32.ActiveCfg = Player|WindowsStandalone32
		{DD3313CA-0C5C-44BC-F9D0-4FB62792CA4F}.Player|WindowsStandalone64.ActiveCfg = Player|WindowsStandalone64
		{DD3313CA-0C5C-44BC-F9D0-4FB62792CA4F}.Player|WSA.ActiveCfg = Player|WSA
		{BA171B3D-D2A5-1234-AB86-4770F99741A5}.InEditor|Android.ActiveCfg = InEditor|Android
		{BA171B3D-D2A5-1234-AB86-4770F99741A5}.InEditor|Android.Build.0 = InEditor|Android
		{BA171B3D-D2A5-1234-AB86-4770F99741A5}.InEditor|iOS.ActiveCfg = InEditor|iOS
		{BA171B3D-D2A5-1234-AB86-4770F99741A5}.InEditor|iOS.Build.0 = InEditor|iOS
		{BA171B3D-D2A5-1234-AB86-4770F99741A5}.InEditor|WindowsStandalone32.ActiveCfg = InEditor|WindowsStandalone32
		{BA171B3D-D2A5-1234-AB86-4770F99741A5}.InEditor|WindowsStandalone32.Build.0 = InEditor|WindowsStandalone32
		{BA171B3D-D2A5-1234-AB86-4770F99741A5}.InEditor|WindowsStandalone64.ActiveCfg = InEditor|WindowsStandalone64
		{BA171B3D-D2A5-1234-AB86-4770F99741A5}.InEditor|WindowsStandalone64.Build.0 = InEditor|WindowsStandalone64
		{BA171B3D-D2A5-1234-AB86-4770F99741A5}.InEditor|WSA.ActiveCfg = InEditor|WSA
		{BA171B3D-D2A5-1234-AB86-4770F99741A5}.InEditor|WSA.Build.0 = InEditor|WSA
		{BA171B3D-D2A5-1234-AB86-4770F99741A5}.Player|Android.ActiveCfg = Player|Android
		{BA171B3D-D2A5-1234-AB86-4770F99741A5}.Player|Android.Build.0 = Player|Android
		{BA171B3D-D2A5-1234-AB86-4770F99741A5}.Player|iOS.ActiveCfg = Player|iOS
		{BA171B3D-D2A5-1234-AB86-4770F99741A5}.Player|iOS.Build.0 = Player|iOS
		{BA171B3D-D2A5-1234-AB86-4770F99741A5}.Player|WindowsStandalone32.ActiveCfg = Player|WindowsStandalone32
		{BA171B3D-D2A5-1234-AB86-4770F99741A5}.Player|WindowsStandalone32.Build.0 = Player|WindowsStandalone32
		{BA171B3D-D2A5-1234-AB86-4770F99741A5}.Player|WindowsStandalone64.ActiveCfg = Player|WindowsStandalone64
		{BA171B3D-D2A5-1234-AB86-4770F99741A5}.Player|WindowsStandalone64.Build.0 = Player|WindowsStandalone64
		{BA171B3D-D2A5-1234-AB86-4770F99741A5}.Player|WSA.ActiveCfg = Player|WSA
		{BA171B3D-D2A5-1234-AB86-4770F99741A5}.Player|WSA.Build.0 = Player|WSA
		{2BAFAC87-E7F4-B9B4-18D9-448D219B01AB}.InEditor|Android.ActiveCfg = InEditor|Android
		{2BAFAC87-E7F4-B9B4-18D9-448D219B01AB}.InEditor|Android.Build.0 = InEditor|Android
		{2BAFAC87-E7F4-B9B4-18D9-448D219B01AB}.InEditor|iOS.ActiveCfg = InEditor|iOS
		{2BAFAC87-E7F4-B9B4-18D9-448D219B01AB}.InEditor|iOS.Build.0 = InEditor|iOS
		{2BAFAC87-E7F4-B9B4-18D9-448D219B01AB}.InEditor|WindowsStandalone32.ActiveCfg = InEditor|WindowsStandalone32
		{2BAFAC87-E7F4-B9B4-18D9-448D219B01AB}.InEditor|WindowsStandalone32.Build.0 = InEditor|WindowsStandalone32
		{2BAFAC87-E7F4-B9B4-18D9-448D219B01AB}.InEditor|WindowsStandalone64.ActiveCfg = InEditor|WindowsStandalone64
		{2BAFAC87-E7F4-B9B4-18D9-448D219B01AB}.InEditor|WindowsStandalone64.Build.0 = InEditor|WindowsStandalone64
		{2BAFAC87-E7F4-B9B4-18D9-448D219B01AB}.InEditor|WSA.ActiveCfg = InEditor|WSA
		{2BAFAC87-E7F4-B9B4-18D9-448D219B01AB}.InEditor|WSA.Build.0 = InEditor|WSA
		{2BAFAC87-E7F4-B9B4-18D9-448D219B01AB}.Player|Android.ActiveCfg = Player|Android
		{2BAFAC87-E7F4-B9B4-18D9-448D219B01AB}.Player|Android.Build.0 = Player|Android
		{2BAFAC87-E7F4-B9B4-18D9-448D219B01AB}.Player|iOS.ActiveCfg = Player|iOS
		{2BAFAC87-E7F4-B9B4-18D9-448D219B01AB}.Player|iOS.Build.0 = Player|iOS
		{2BAFAC87-E7F4-B9B4-18D9-448D219B01AB}.Player|WindowsStandalone32.ActiveCfg = Player|WindowsStandalone32
		{2BAFAC87-E7F4-B9B4-18D9-448D219B01AB}.Player|WindowsStandalone32.Build.0 = Player|WindowsStandalone32
		{2BAFAC87-E7F4-B9B4-18D9-448D219B01AB}.Player|WindowsStandalone64.ActiveCfg = Player|WindowsStandalone64
		{2BAFAC87-E7F4-B9B4-18D9-448D219B01AB}.Player|WindowsStandalone64.Build.0 = Player|WindowsStandalone64
		{2BAFAC87-E7F4-B9B4-18D9-448D219B01AB}.Player|WSA.ActiveCfg = Player|WSA
		{2BAFAC87-E7F4-B9B4-18D9-448D219B01AB}.Player|WSA.Build.0 = Player|WSA
		{343DEAAF-83E0-CEE4-CA97-8E7DF0B80D21}.InEditor|Android.ActiveCfg = InEditor|Android
		{343DEAAF-83E0-CEE4-CA97-8E7DF0B80D21}.InEditor|Android.Build.0 = InEditor|Android
		{343DEAAF-83E0-CEE4-CA97-8E7DF0B80D21}.InEditor|iOS.ActiveCfg = InEditor|iOS
		{343DEAAF-83E0-CEE4-CA97-8E7DF0B80D21}.InEditor|iOS.Build.0 = InEditor|iOS
		{343DEAAF-83E0-CEE4-CA97-8E7DF0B80D21}.InEditor|WindowsStandalone32.ActiveCfg = InEditor|WindowsStandalone32
		{343DEAAF-83E0-CEE4-CA97-8E7DF0B80D21}.InEditor|WindowsStandalone32.Build.0 = InEditor|WindowsStandalone32
		{343DEAAF-83E0-CEE4-CA97-8E7DF0B80D21}.InEditor|WindowsStandalone64.ActiveCfg = InEditor|WindowsStandalone64
		{343DEAAF-83E0-CEE4-CA97-8E7DF0B80D21}.InEditor|WindowsStandalone64.Build.0 = InEditor|WindowsStandalone64
		{343DEAAF-83E0-CEE4-CA97-8E7DF0B80D21}.InEditor|WSA.ActiveCfg = InEditor|WSA
		{343DEAAF-83E0-CEE4-CA97-8E7DF0B80D21}.InEditor|WSA.Build.0 = InEditor|WSA
		{343DEAAF-83E0-CEE4-CA97-8E7DF0B80D21}.Player|Android.ActiveCfg = Player|Android
		{343DEAAF-83E0-CEE4-CA97-8E7DF0B80D21}.Player|iOS.ActiveCfg = Player|iOS
		{343DEAAF-83E0-CEE4-CA97-8E7DF0B80D21}.Player|WindowsStandalone32.ActiveCfg = Player|WindowsStandalone32
		{343DEAAF-83E0-CEE4-CA97-8E7DF0B80D21}.Player|WindowsStandalone64.ActiveCfg = Player|WindowsStandalone64
		{343DEAAF-83E0-CEE4-CA97-8E7DF0B80D21}.Player|WSA.ActiveCfg = Player|WSA
		{645165C8-1694-74BF-BBEB-8FB0BCFD26F5}.InEditor|Android.ActiveCfg = InEditor|Android
		{645165C8-1694-74BF-BBEB-8FB0BCFD26F5}.InEditor|Android.Build.0 = InEditor|Android
		{645165C8-1694-74BF-BBEB-8FB0BCFD26F5}.InEditor|iOS.ActiveCfg = InEditor|iOS
		{645165C8-1694-74BF-BBEB-8FB0BCFD26F5}.InEditor|iOS.Build.0 = InEditor|iOS
		{645165C8-1694-74BF-BBEB-8FB0BCFD26F5}.InEditor|WindowsStandalone32.ActiveCfg = InEditor|WindowsStandalone32
		{645165C8-1694-74BF-BBEB-8FB0BCFD26F5}.InEditor|WindowsStandalone32.Build.0 = InEditor|WindowsStandalone32
		{645165C8-1694-74BF-BBEB-8FB0BCFD26F5}.InEditor|WindowsStandalone64.ActiveCfg = InEditor|WindowsStandalone64
		{645165C8-1694-74BF-BBEB-8FB0BCFD26F5}.InEditor|WindowsStandalone64.Build.0 = InEditor|WindowsStandalone64
		{645165C8-1694-74BF-BBEB-8FB0BCFD26F5}.InEditor|WSA.ActiveCfg = InEditor|WSA
		{645165C8-1694-74BF-BBEB-8FB0BCFD26F5}.InEditor|WSA.Build.0 = InEditor|WSA
		{645165C8-1694-74BF-BBEB-8FB0BCFD26F5}.Player|Android.ActiveCfg = Player|Android
		{645165C8-1694-74BF-BBEB-8FB0BCFD26F5}.Player|iOS.ActiveCfg = Player|iOS
		{645165C8-1694-74BF-BBEB-8FB0BCFD26F5}.Player|WindowsStandalone32.ActiveCfg = Player|WindowsStandalone32
		{645165C8-1694-74BF-BBEB-8FB0BCFD26F5}.Player|WindowsStandalone64.ActiveCfg = Player|WindowsStandalone64
		{645165C8-1694-74BF-BBEB-8FB0BCFD26F5}.Player|WSA.ActiveCfg = Player|WSA
		{28C5E819-ECE8-A074-6ABB-16DC5AA91F44}.InEditor|Android.ActiveCfg = InEditor|Android
		{28C5E819-ECE8-A074-6ABB-16DC5AA91F44}.InEditor|Android.Build.0 = InEditor|Android
		{28C5E819-ECE8-A074-6ABB-16DC5AA91F44}.InEditor|iOS.ActiveCfg = InEditor|iOS
		{28C5E819-ECE8-A074-6ABB-16DC5AA91F44}.InEditor|iOS.Build.0 = InEditor|iOS
		{28C5E819-ECE8-A074-6ABB-16DC5AA91F44}.InEditor|WindowsStandalone32.ActiveCfg = InEditor|WindowsStandalone32
		{28C5E819-ECE8-A074-6ABB-16DC5AA91F44}.InEditor|WindowsStandalone32.Build.0 = InEditor|WindowsStandalone32
		{28C5E819-ECE8-A074-6ABB-16DC5AA91F44}.InEditor|WindowsStandalone64.ActiveCfg = InEditor|WindowsStandalone64
		{28C5E819-ECE8-A074-6ABB-16DC5AA91F44}.InEditor|WindowsStandalone64.Build.0 = InEditor|WindowsStandalone64
		{28C5E819-ECE8-A074-6ABB-16DC5AA91F44}.InEditor|WSA.ActiveCfg = InEditor|WSA
		{28C5E819-ECE8-A074-6ABB-16DC5AA91F44}.InEditor|WSA.Build.0 = InEditor|WSA
		{28C5E819-ECE8-A074-6ABB-16DC5AA91F44}.Player|Android.ActiveCfg = Player|Android
		{28C5E819-ECE8-A074-6ABB-16DC5AA91F44}.Player|Android.Build.0 = Player|Android
		{28C5E819-ECE8-A074-6ABB-16DC5AA91F44}.Player|iOS.ActiveCfg = Player|iOS
		{28C5E819-ECE8-A074-6ABB-16DC5AA91F44}.Player|iOS.Build.0 = Player|iOS
		{28C5E819-ECE8-A074-6ABB-16DC5AA91F44}.Player|WindowsStandalone32.ActiveCfg = Player|WindowsStandalone32
		{28C5E819-ECE8-A074-6ABB-16DC5AA91F44}.Player|WindowsStandalone32.Build.0 = Player|WindowsStandalone32
		{28C5E819-ECE8-A074-6ABB-16DC5AA91F44}.Player|WindowsStandalone64.ActiveCfg = Player|WindowsStandalone64
		{28C5E819-ECE8-A074-6ABB-16DC5AA91F44}.Player|WindowsStandalone64.Build.0 = Player|WindowsStandalone64
		{28C5E819-ECE8-A074-6ABB-16DC5AA91F44}.Player|WSA.ActiveCfg = Player|WSA
		{28C5E819-ECE8-A074-6ABB-16DC5AA91F44}.Player|WSA.Build.0 = Player|WSA
		{D528C8C9-8D26-9CA4-4A06-CD9624A03945}.InEditor|Android.ActiveCfg = InEditor|Android
		{D528C8C9-8D26-9CA4-4A06-CD9624A03945}.InEditor|Android.Build.0 = InEditor|Android
		{D528C8C9-8D26-9CA4-4A06-CD9624A03945}.InEditor|iOS.ActiveCfg = InEditor|iOS
		{D528C8C9-8D26-9CA4-4A06-CD9624A03945}.InEditor|iOS.Build.0 = InEditor|iOS
		{D528C8C9-8D26-9CA4-4A06-CD9624A03945}.InEditor|WindowsStandalone32.ActiveCfg = InEditor|WindowsStandalone32
		{D528C8C9-8D26-9CA4-4A06-CD9624A03945}.InEditor|WindowsStandalone32.Build.0 = InEditor|WindowsStandalone32
		{D528C8C9-8D26-9CA4-4A06-CD9624A03945}.InEditor|WindowsStandalone64.ActiveCfg = InEditor|WindowsStandalone64
		{D528C8C9-8D26-9CA4-4A06-CD9624A03945}.InEditor|WindowsStandalone64.Build.0 = InEditor|WindowsStandalone64
		{D528C8C9-8D26-9CA4-4A06-CD9624A03945}.InEditor|WSA.ActiveCfg = InEditor|WSA
		{D528C8C9-8D26-9CA4-4A06-CD9624A03945}.InEditor|WSA.Build.0 = InEditor|WSA
		{D528C8C9-8D26-9CA4-4A06-CD9624A03945}.Player|Android.ActiveCfg = Player|Android
		{D528C8C9-8D26-9CA4-4A06-CD9624A03945}.Player|iOS.ActiveCfg = Player|iOS
		{D528C8C9-8D26-9CA4-4A06-CD9624A03945}.Player|WindowsStandalone32.ActiveCfg = Player|WindowsStandalone32
		{D528C8C9-8D26-9CA4-4A06-CD9624A03945}.Player|WindowsStandalone64.ActiveCfg = Player|WindowsStandalone64
		{D528C8C9-8D26-9CA4-4A06-CD9624A03945}.Player|WSA.ActiveCfg = Player|WSA
		{0DF1F49A-50F1-5354-5BF9-9E3DBB6674AD}.InEditor|Android.ActiveCfg = InEditor|Android
		{0DF1F49A-50F1-5354-5BF9-9E3DBB6674AD}.InEditor|Android.Build.0 = InEditor|Android
		{0DF1F49A-50F1-5354-5BF9-9E3DBB6674AD}.InEditor|iOS.ActiveCfg = InEditor|iOS
		{0DF1F49A-50F1-5354-5BF9-9E3DBB6674AD}.InEditor|iOS.Build.0 = InEditor|iOS
		{0DF1F49A-50F1-5354-5BF9-9E3DBB6674AD}.InEditor|WindowsStandalone32.ActiveCfg = InEditor|WindowsStandalone32
		{0DF1F49A-50F1-5354-5BF9-9E3DBB6674AD}.InEditor|WindowsStandalone32.Build.0 = InEditor|WindowsStandalone32
		{0DF1F49A-50F1-5354-5BF9-9E3DBB6674AD}.InEditor|WindowsStandalone64.ActiveCfg = InEditor|WindowsStandalone64
		{0DF1F49A-50F1-5354-5BF9-9E3DBB6674AD}.InEditor|WindowsStandalone64.Build.0 = InEditor|WindowsStandalone64
		{0DF1F49A-50F1-5354-5BF9-9E3DBB6674AD}.InEditor|WSA.ActiveCfg = InEditor|WSA
		{0DF1F49A-50F1-5354-5BF9-9E3DBB6674AD}.InEditor|WSA.Build.0 = InEditor|WSA
		{0DF1F49A-50F1-5354-5BF9-9E3DBB6674AD}.Player|Android.ActiveCfg = Player|Android
		{0DF1F49A-50F1-5354-5BF9-9E3DBB6674AD}.Player|iOS.ActiveCfg = Player|iOS
		{0DF1F49A-50F1-5354-5BF9-9E3DBB6674AD}.Player|WindowsStandalone32.ActiveCfg = Player|WindowsStandalone32
		{0DF1F49A-50F1-5354-5BF9-9E3DBB6674AD}.Player|WindowsStandalone64.ActiveCfg = Player|WindowsStandalone64
		{0DF1F49A-50F1-5354-5BF9-9E3DBB6674AD}.Player|WSA.ActiveCfg = Player|WSA
		{2C573E6B-2716-5184-6A79-655161004C5B}.InEditor|Android.ActiveCfg = InEditor|Android
		{2C573E6B-2716-5184-6A79-655161004C5B}.InEditor|Android.Build.0 = InEditor|Android
		{2C573E6B-2716-5184-6A79-655161004C5B}.InEditor|iOS.ActiveCfg = InEditor|iOS
		{2C573E6B-2716-5184-6A79-655161004C5B}.InEditor|iOS.Build.0 = InEditor|iOS
		{2C573E6B-2716-5184-6A79-655161004C5B}.InEditor|WindowsStandalone32.ActiveCfg = InEditor|WindowsStandalone32
		{2C573E6B-2716-5184-6A79-655161004C5B}.InEditor|WindowsStandalone32.Build.0 = InEditor|WindowsStandalone32
		{2C573E6B-2716-5184-6A79-655161004C5B}.InEditor|WindowsStandalone64.ActiveCfg = InEditor|WindowsStandalone64
		{2C573E6B-2716-5184-6A79-655161004C5B}.InEditor|WindowsStandalone64.Build.0 = InEditor|WindowsStandalone64
		{2C573E6B-2716-5184-6A79-655161004C5B}.InEditor|WSA.ActiveCfg = InEditor|WSA
		{2C573E6B-2716-5184-6A79-655161004C5B}.InEditor|WSA.Build.0 = InEditor|WSA
		{2C573E6B-2716-5184-6A79-655161004C5B}.Player|Android.ActiveCfg = Player|Android
		{2C573E6B-2716-5184-6A79-655161004C5B}.Player|iOS.ActiveCfg = Player|iOS
		{2C573E6B-2716-5184-6A79-655161004C5B}.Player|WindowsStandalone32.ActiveCfg = Player|WindowsStandalone32
		{2C573E6B-2716-5184-6A79-655161004C5B}.Player|WindowsStandalone64.ActiveCfg = Player|WindowsStandalone64
		{2C573E6B-2716-5184-6A79-655161004C5B}.Player|WSA.ActiveCfg = Player|WSA
		{3A9781DB-4804-A994-5B98-83F3A7C46D45}.InEditor|Android.ActiveCfg = InEditor|Android
		{3A9781DB-4804-A994-5B98-83F3A7C46D45}.InEditor|Android.Build.0 = InEditor|Android
		{3A9781DB-4804-A994-5B98-83F3A7C46D45}.InEditor|iOS.ActiveCfg = InEditor|iOS
		{3A9781DB-4804-A994-5B98-83F3A7C46D45}.InEditor|iOS.Build.0 = InEditor|iOS
		{3A9781DB-4804-A994-5B98-83F3A7C46D45}.InEditor|WindowsStandalone32.ActiveCfg = InEditor|WindowsStandalone32
		{3A9781DB-4804-A994-5B98-83F3A7C46D45}.InEditor|WindowsStandalone32.Build.0 = InEditor|WindowsStandalone32
		{3A9781DB-4804-A994-5B98-83F3A7C46D45}.InEditor|WindowsStandalone64.ActiveCfg = InEditor|WindowsStandalone64
		{3A9781DB-4804-A994-5B98-83F3A7C46D45}.InEditor|WindowsStandalone64.Build.0 = InEditor|WindowsStandalone64
		{3A9781DB-4804-A994-5B98-83F3A7C46D45}.InEditor|WSA.ActiveCfg = InEditor|WSA
		{3A9781DB-4804-A994-5B98-83F3A7C46D45}.InEditor|WSA.Build.0 = InEditor|WSA
		{3A9781DB-4804-A994-5B98-83F3A7C46D45}.Player|Android.ActiveCfg = Player|Android
		{3A9781DB-4804-A994-5B98-83F3A7C46D45}.Player|iOS.ActiveCfg = Player|iOS
		{3A9781DB-4804-A994-5B98-83F3A7C46D45}.Player|WindowsStandalone32.ActiveCfg = Player|WindowsStandalone32
		{3A9781DB-4804-A994-5B98-83F3A7C46D45}.Player|WindowsStandalone64.ActiveCfg = Player|WindowsStandalone64
		{3A9781DB-4804-A994-5B98-83F3A7C46D45}.Player|WSA.ActiveCfg = Player|WSA
		{B13A1D1D-FB13-F1B4-89A0-FF5612F36F29}.InEditor|Android.ActiveCfg = InEditor|Android
		{B13A1D1D-FB13-F1B4-89A0-FF5612F36F29}.InEditor|Android.Build.0 = InEditor|Android
		{B13A1D1D-FB13-F1B4-89A0-FF5612F36F29}.InEditor|iOS.ActiveCfg = InEditor|iOS
		{B13A1D1D-FB13-F1B4-89A0-FF5612F36F29}.InEditor|iOS.Build.0 = InEditor|iOS
		{B13A1D1D-FB13-F1B4-89A0-FF5612F36F29}.InEditor|WindowsStandalone32.ActiveCfg = InEditor|WindowsStandalone32
		{B13A1D1D-FB13-F1B4-89A0-FF5612F36F29}.InEditor|WindowsStandalone32.Build.0 = InEditor|WindowsStandalone32
		{B13A1D1D-FB13-F1B4-89A0-FF5612F36F29}.InEditor|WindowsStandalone64.ActiveCfg = InEditor|WindowsStandalone64
		{B13A1D1D-FB13-F1B4-89A0-FF5612F36F29}.InEditor|WindowsStandalone64.Build.0 = InEditor|WindowsStandalone64
		{B13A1D1D-FB13-F1B4-89A0-FF5612F36F29}.InEditor|WSA.ActiveCfg = InEditor|WSA
		{B13A1D1D-FB13-F1B4-89A0-FF5612F36F29}.InEditor|WSA.Build.0 = InEditor|WSA
		{B13A1D1D-FB13-F1B4-89A0-FF5612F36F29}.Player|Android.ActiveCfg = Player|Android
		{B13A1D1D-FB13-F1B4-89A0-FF5612F36F29}.Player|iOS.ActiveCfg = Player|iOS
		{B13A1D1D-FB13-F1B4-89A0-FF5612F36F29}.Player|WindowsStandalone32.ActiveCfg = Player|WindowsStandalone32
		{B13A1D1D-FB13-F1B4-89A0-FF5612F36F29}.Player|WindowsStandalone64.ActiveCfg = Player|WindowsStandalone64
		{B13A1D1D-FB13-F1B4-89A0-FF5612F36F29}.Player|WSA.ActiveCfg = Player|WSA
		{0FDA7EBE-61AB-2164-383D-10E32EFB9C6E}.InEditor|Android.ActiveCfg = InEditor|Android
		{0FDA7EBE-61AB-2164-383D-10E32EFB9C6E}.InEditor|Android.Build.0 = InEditor|Android
		{0FDA7EBE-61AB-2164-383D-10E32EFB9C6E}.InEditor|iOS.ActiveCfg = InEditor|iOS
		{0FDA7EBE-61AB-2164-383D-10E32EFB9C6E}.InEditor|iOS.Build.0 = InEditor|iOS
		{0FDA7EBE-61AB-2164-383D-10E32EFB9C6E}.InEditor|WindowsStandalone32.ActiveCfg = InEditor|WindowsStandalone32
		{0FDA7EBE-61AB-2164-383D-10E32EFB9C6E}.InEditor|WindowsStandalone32.Build.0 = InEditor|WindowsStandalone32
		{0FDA7EBE-61AB-2164-383D-10E32EFB9C6E}.InEditor|WindowsStandalone64.ActiveCfg = InEditor|WindowsStandalone64
		{0FDA7EBE-61AB-2164-383D-10E32EFB9C6E}.InEditor|WindowsStandalone64.Build.0 = InEditor|WindowsStandalone64
		{0FDA7EBE-61AB-2164-383D-10E32EFB9C6E}.InEditor|WSA.ActiveCfg = InEditor|WSA
		{0FDA7EBE-61AB-2164-383D-10E32EFB9C6E}.InEditor|WSA.Build.0 = InEditor|WSA
		{0FDA7EBE-61AB-2164-383D-10E32EFB9C6E}.Player|Android.ActiveCfg = Player|Android
		{0FDA7EBE-61AB-2164-383D-10E32EFB9C6E}.Player|Android.Build.0 = Player|Android
		{0FDA7EBE-61AB-2164-383D-10E32EFB9C6E}.Player|iOS.ActiveCfg = Player|iOS
		{0FDA7EBE-61AB-2164-383D-10E32EFB9C6E}.Player|iOS.Build.0 = Player|iOS
		{0FDA7EBE-61AB-2164-383D-10E32EFB9C6E}.Player|WindowsStandalone32.ActiveCfg = Player|WindowsStandalone32
		{0FDA7EBE-61AB-2164-383D-10E32EFB9C6E}.Player|WindowsStandalone32.Build.0 = Player|WindowsStandalone32
		{0FDA7EBE-61AB-2164-383D-10E32EFB9C6E}.Player|WindowsStandalone64.ActiveCfg = Player|WindowsStandalone64
		{0FDA7EBE-61AB-2164-383D-10E32EFB9C6E}.Player|WindowsStandalone64.Build.0 = Player|WindowsStandalone64
		{0FDA7EBE-61AB-2164-383D-10E32EFB9C6E}.Player|WSA.ActiveCfg = Player|WSA
		{0FDA7EBE-61AB-2164-383D-10E32EFB9C6E}.Player|WSA.Build.0 = Player|WSA
		{52C867DE-B383-2554-C84D-C4202BD47258}.InEditor|Android.ActiveCfg = InEditor|Android
		{52C867DE-B383-2554-C84D-C4202BD47258}.InEditor|Android.Build.0 = InEditor|Android
		{52C867DE-B383-2554-C84D-C4202BD47258}.InEditor|iOS.ActiveCfg = InEditor|iOS
		{52C867DE-B383-2554-C84D-C4202BD47258}.InEditor|iOS.Build.0 = InEditor|iOS
		{52C867DE-B383-2554-C84D-C4202BD47258}.InEditor|WindowsStandalone32.ActiveCfg = InEditor|WindowsStandalone32
		{52C867DE-B383-2554-C84D-C4202BD47258}.InEditor|WindowsStandalone32.Build.0 = InEditor|WindowsStandalone32
		{52C867DE-B383-2554-C84D-C4202BD47258}.InEditor|WindowsStandalone64.ActiveCfg = InEditor|WindowsStandalone64
		{52C867DE-B383-2554-C84D-C4202BD47258}.InEditor|WindowsStandalone64.Build.0 = InEditor|WindowsStandalone64
		{52C867DE-B383-2554-C84D-C4202BD47258}.InEditor|WSA.ActiveCfg = InEditor|WSA
		{52C867DE-B383-2554-C84D-C4202BD47258}.InEditor|WSA.Build.0 = InEditor|WSA
		{52C867DE-B383-2554-C84D-C4202BD47258}.Player|Android.ActiveCfg = Player|Android
		{52C867DE-B383-2554-C84D-C4202BD47258}.Player|iOS.ActiveCfg = Player|iOS
		{52C867DE-B383-2554-C84D-C4202BD47258}.Player|WindowsStandalone32.ActiveCfg = Player|WindowsStandalone32
		{52C867DE-B383-2554-C84D-C4202BD47258}.Player|WindowsStandalone64.ActiveCfg = Player|WindowsStandalone64
		{52C867DE-B383-2554-C84D-C4202BD47258}.Player|WSA.ActiveCfg = Player|WSA
		{02F77120-4943-F4A4-0949-438E873E3EFF}.InEditor|Android.ActiveCfg = InEditor|Android
		{02F77120-4943-F4A4-0949-438E873E3EFF}.InEditor|Android.Build.0 = InEditor|Android
		{02F77120-4943-F4A4-0949-438E873E3EFF}.InEditor|iOS.ActiveCfg = InEditor|iOS
		{02F77120-4943-F4A4-0949-438E873E3EFF}.InEditor|iOS.Build.0 = InEditor|iOS
		{02F77120-4943-F4A4-0949-438E873E3EFF}.InEditor|WindowsStandalone32.ActiveCfg = InEditor|WindowsStandalone32
		{02F77120-4943-F4A4-0949-438E873E3EFF}.InEditor|WindowsStandalone32.Build.0 = InEditor|WindowsStandalone32
		{02F77120-4943-F4A4-0949-438E873E3EFF}.InEditor|WindowsStandalone64.ActiveCfg = InEditor|WindowsStandalone64
		{02F77120-4943-F4A4-0949-438E873E3EFF}.InEditor|WindowsStandalone64.Build.0 = InEditor|WindowsStandalone64
		{02F77120-4943-F4A4-0949-438E873E3EFF}.InEditor|WSA.ActiveCfg = InEditor|WSA
		{02F77120-4943-F4A4-0949-438E873E3EFF}.InEditor|WSA.Build.0 = InEditor|WSA
		{02F77120-4943-F4A4-0949-438E873E3EFF}.Player|Android.ActiveCfg = Player|Android
		{02F77120-4943-F4A4-0949-438E873E3EFF}.Player|iOS.ActiveCfg = Player|iOS
		{02F77120-4943-F4A4-0949-438E873E3EFF}.Player|WindowsStandalone32.ActiveCfg = Player|WindowsStandalone32
		{02F77120-4943-F4A4-0949-438E873E3EFF}.Player|WindowsStandalone64.ActiveCfg = Player|WindowsStandalone64
		{02F77120-4943-F4A4-0949-438E873E3EFF}.Player|WSA.ActiveCfg = Player|WSA
		{92703082-F92B-41BA-80F0-D6912DE66115}.InEditor|Android.ActiveCfg = InEditor|Android
		{92703082-F92B-41BA-80F0-D6912DE66115}.InEditor|Android.Build.0 = InEditor|Android
		{92703082-F92B-41BA-80F0-D6912DE66115}.InEditor|iOS.ActiveCfg = InEditor|iOS
		{92703082-F92B-41BA-80F0-D6912DE66115}.InEditor|iOS.Build.0 = InEditor|iOS
		{92703082-F92B-41BA-80F0-D6912DE66115}.InEditor|WindowsStandalone32.ActiveCfg = InEditor|WindowsStandalone32
		{92703082-F92B-41BA-80F0-D6912DE66115}.InEditor|WindowsStandalone32.Build.0 = InEditor|WindowsStandalone32
		{92703082-F92B-41BA-80F0-D6912DE66115}.InEditor|WindowsStandalone64.ActiveCfg = InEditor|WindowsStandalone64
		{92703082-F92B-41BA-80F0-D6912DE66115}.InEditor|WindowsStandalone64.Build.0 = InEditor|WindowsStandalone64
		{92703082-F92B-41BA-80F0-D6912DE66115}.InEditor|WSA.ActiveCfg = InEditor|WSA
		{92703082-F92B-41BA-80F0-D6912DE66115}.InEditor|WSA.Build.0 = InEditor|WSA
		{92703082-F92B-41BA-80F0-D6912DE66115}.Player|Android.ActiveCfg = Player|Android
		{92703082-F92B-41BA-80F0-D6912DE66115}.Player|Android.Build.0 = Player|Android
		{92703082-F92B-41BA-80F0-D6912DE66115}.Player|iOS.ActiveCfg = Player|iOS
		{92703082-F92B-41BA-80F0-D6912DE66115}.Player|iOS.Build.0 = Player|iOS
		{92703082-F92B-41BA-80F0-D6912DE66115}.Player|WindowsStandalone32.ActiveCfg = Player|WindowsStandalone32
		{92703082-F92B-41BA-80F0-D6912DE66115}.Player|WindowsStandalone32.Build.0 = Player|WindowsStandalone32
		{92703082-F92B-41BA-80F0-D6912DE66115}.Player|WindowsStandalone64.ActiveCfg = Player|WindowsStandalone64
		{92703082-F92B-41BA-80F0-D6912DE66115}.Player|WindowsStandalone64.Build.0 = Player|WindowsStandalone64
		{92703082-F92B-41BA-80F0-D6912DE66115}.Player|WSA.ActiveCfg = Player|WSA
		{92703082-F92B-41BA-80F0-D6912DE66115}.Player|WSA.Build.0 = Player|WSA
		{1C73E6E1-E2B7-8495-3A92-12924DC002D1}.InEditor|Android.ActiveCfg = InEditor|Android
		{1C73E6E1-E2B7-8495-3A92-12924DC002D1}.InEditor|Android.Build.0 = InEditor|Android
		{1C73E6E1-E2B7-8495-3A92-12924DC002D1}.InEditor|iOS.ActiveCfg = InEditor|iOS
		{1C73E6E1-E2B7-8495-3A92-12924DC002D1}.InEditor|iOS.Build.0 = InEditor|iOS
		{1C73E6E1-E2B7-8495-3A92-12924DC002D1}.InEditor|WindowsStandalone32.ActiveCfg = InEditor|WindowsStandalone32
		{1C73E6E1-E2B7-8495-3A92-12924DC002D1}.InEditor|WindowsStandalone32.Build.0 = InEditor|WindowsStandalone32
		{1C73E6E1-E2B7-8495-3A92-12924DC002D1}.InEditor|WindowsStandalone64.ActiveCfg = InEditor|WindowsStandalone64
		{1C73E6E1-E2B7-8495-3A92-12924DC002D1}.InEditor|WindowsStandalone64.Build.0 = InEditor|WindowsStandalone64
		{1C73E6E1-E2B7-8495-3A92-12924DC002D1}.InEditor|WSA.ActiveCfg = InEditor|WSA
		{1C73E6E1-E2B7-8495-3A92-12924DC002D1}.InEditor|WSA.Build.0 = InEditor|WSA
		{1C73E6E1-E2B7-8495-3A92-12924DC002D1}.Player|Android.ActiveCfg = Player|Android
		{1C73E6E1-E2B7-8495-3A92-12924DC002D1}.Player|iOS.ActiveCfg = Player|iOS
		{1C73E6E1-E2B7-8495-3A92-12924DC002D1}.Player|WindowsStandalone32.ActiveCfg = Player|WindowsStandalone32
		{1C73E6E1-E2B7-8495-3A92-12924DC002D1}.Player|WindowsStandalone64.ActiveCfg = Player|WindowsStandalone64
		{1C73E6E1-E2B7-8495-3A92-12924DC002D1}.Player|WSA.ActiveCfg = Player|WSA
		{8B0C2853-A940-D4FD-9979-BAC438EB5BF3}.InEditor|Android.ActiveCfg = InEditor|Android
		{8B0C2853-A940-D4FD-9979-BAC438EB5BF3}.InEditor|Android.Build.0 = InEditor|Android
		{8B0C2853-A940-D4FD-9979-BAC438EB5BF3}.InEditor|iOS.ActiveCfg = InEditor|iOS
		{8B0C2853-A940-D4FD-9979-BAC438EB5BF3}.InEditor|iOS.Build.0 = InEditor|iOS
		{8B0C2853-A940-D4FD-9979-BAC438EB5BF3}.InEditor|WindowsStandalone32.ActiveCfg = InEditor|WindowsStandalone32
		{8B0C2853-A940-D4FD-9979-BAC438EB5BF3}.InEditor|WindowsStandalone32.Build.0 = InEditor|WindowsStandalone32
		{8B0C2853-A940-D4FD-9979-BAC438EB5BF3}.InEditor|WindowsStandalone64.ActiveCfg = InEditor|WindowsStandalone64
		{8B0C2853-A940-D4FD-9979-BAC438EB5BF3}.InEditor|WindowsStandalone64.Build.0 = InEditor|WindowsStandalone64
		{8B0C2853-A940-D4FD-9979-BAC438EB5BF3}.InEditor|WSA.ActiveCfg = InEditor|WSA
		{8B0C2853-A940-D4FD-9979-BAC438EB5BF3}.InEditor|WSA.Build.0 = InEditor|WSA
		{8B0C2853-A940-D4FD-9979-BAC438EB5BF3}.Player|Android.ActiveCfg = Player|Android
		{8B0C2853-A940-D4FD-9979-BAC438EB5BF3}.Player|iOS.ActiveCfg = Player|iOS
		{8B0C2853-A940-D4FD-9979-BAC438EB5BF3}.Player|WindowsStandalone32.ActiveCfg = Player|WindowsStandalone32
		{8B0C2853-A940-D4FD-9979-BAC438EB5BF3}.Player|WindowsStandalone64.ActiveCfg = Player|WindowsStandalone64
		{8B0C2853-A940-D4FD-9979-BAC438EB5BF3}.Player|WSA.ActiveCfg = Player|WSA
		{9E6BDF94-FCB2-45C5-85C2-6819FA23A202}.InEditor|Android.ActiveCfg = InEditor|Android
		{9E6BDF94-FCB2-45C5-85C2-6819FA23A202}.InEditor|Android.Build.0 = InEditor|Android
		{9E6BDF94-FCB2-45C5-85C2-6819FA23A202}.InEditor|iOS.ActiveCfg = InEditor|iOS
		{9E6BDF94-FCB2-45C5-85C2-6819FA23A202}.InEditor|iOS.Build.0 = InEditor|iOS
		{9E6BDF94-FCB2-45C5-85C2-6819FA23A202}.InEditor|WindowsStandalone32.ActiveCfg = InEditor|WindowsStandalone32
		{9E6BDF94-FCB2-45C5-85C2-6819FA23A202}.InEditor|WindowsStandalone32.Build.0 = InEditor|WindowsStandalone32
		{9E6BDF94-FCB2-45C5-85C2-6819FA23A202}.InEditor|WindowsStandalone64.ActiveCfg = InEditor|WindowsStandalone64
		{9E6BDF94-FCB2-45C5-85C2-6819FA23A202}.InEditor|WindowsStandalone64.Build.0 = InEditor|WindowsStandalone64
		{9E6BDF94-FCB2-45C5-85C2-6819FA23A202}.InEditor|WSA.ActiveCfg = InEditor|WSA
		{9E6BDF94-FCB2-45C5-85C2-6819FA23A202}.InEditor|WSA.Build.0 = InEditor|WSA
		{9E6BDF94-FCB2-45C5-85C2-6819FA23A202}.Player|Android.ActiveCfg = Player|Android
		{9E6BDF94-FCB2-45C5-85C2-6819FA23A202}.Player|Android.Build.0 = Player|Android
		{9E6BDF94-FCB2-45C5-85C2-6819FA23A202}.Player|iOS.ActiveCfg = Player|iOS
		{9E6BDF94-FCB2-45C5-85C2-6819FA23A202}.Player|WindowsStandalone32.ActiveCfg = Player|WindowsStandalone32
		{9E6BDF94-FCB2-45C5-85C2-6819FA23A202}.Player|WindowsStandalone64.ActiveCfg = Player|WindowsStandalone64
		{9E6BDF94-FCB2-45C5-85C2-6819FA23A202}.Player|WSA.ActiveCfg = Player|WSA
		{A9420E37-D799-0B54-ABDE-F6688EDBE313}.InEditor|Android.ActiveCfg = InEditor|Android
		{A9420E37-D799-0B54-ABDE-F6688EDBE313}.InEditor|Android.Build.0 = InEditor|Android
		{A9420E37-D799-0B54-ABDE-F6688EDBE313}.InEditor|iOS.ActiveCfg = InEditor|iOS
		{A9420E37-D799-0B54-ABDE-F6688EDBE313}.InEditor|iOS.Build.0 = InEditor|iOS
		{A9420E37-D799-0B54-ABDE-F6688EDBE313}.InEditor|WindowsStandalone32.ActiveCfg = InEditor|WindowsStandalone32
		{A9420E37-D799-0B54-ABDE-F6688EDBE313}.InEditor|WindowsStandalone32.Build.0 = InEditor|WindowsStandalone32
		{A9420E37-D799-0B54-ABDE-F6688EDBE313}.InEditor|WindowsStandalone64.ActiveCfg = InEditor|WindowsStandalone64
		{A9420E37-D799-0B54-ABDE-F6688EDBE313}.InEditor|WindowsStandalone64.Build.0 = InEditor|WindowsStandalone64
		{A9420E37-D799-0B54-ABDE-F6688EDBE313}.InEditor|WSA.ActiveCfg = InEditor|WSA
		{A9420E37-D799-0B54-ABDE-F6688EDBE313}.InEditor|WSA.Build.0 = InEditor|WSA
		{A9420E37-D799-0B54-ABDE-F6688EDBE313}.Player|Android.ActiveCfg = Player|Android
		{A9420E37-D799-0B54-ABDE-F6688EDBE313}.Player|Android.Build.0 = Player|Android
		{A9420E37-D799-0B54-ABDE-F6688EDBE313}.Player|iOS.ActiveCfg = Player|iOS
		{A9420E37-D799-0B54-ABDE-F6688EDBE313}.Player|iOS.Build.0 = Player|iOS
		{A9420E37-D799-0B54-ABDE-F6688EDBE313}.Player|WindowsStandalone32.ActiveCfg = Player|WindowsStandalone32
		{A9420E37-D799-0B54-ABDE-F6688EDBE313}.Player|WindowsStandalone32.Build.0 = Player|WindowsStandalone32
		{A9420E37-D799-0B54-ABDE-F6688EDBE313}.Player|WindowsStandalone64.ActiveCfg = Player|WindowsStandalone64
		{A9420E37-D799-0B54-ABDE-F6688EDBE313}.Player|WindowsStandalone64.Build.0 = Player|WindowsStandalone64
		{A9420E37-D799-0B54-ABDE-F6688EDBE313}.Player|WSA.ActiveCfg = Player|WSA
		{A9420E37-D799-0B54-ABDE-F6688EDBE313}.Player|WSA.Build.0 = Player|WSA
		{6055BE8E-BEFD-69E4-8B49-212B09B47B2F}.InEditor|Android.ActiveCfg = InEditor|Android
		{6055BE8E-BEFD-69E4-8B49-212B09B47B2F}.InEditor|Android.Build.0 = InEditor|Android
		{6055BE8E-BEFD-69E4-8B49-212B09B47B2F}.InEditor|iOS.ActiveCfg = InEditor|iOS
		{6055BE8E-BEFD-69E4-8B49-212B09B47B2F}.InEditor|iOS.Build.0 = InEditor|iOS
		{6055BE8E-BEFD-69E4-8B49-212B09B47B2F}.InEditor|WindowsStandalone32.ActiveCfg = InEditor|WindowsStandalone32
		{6055BE8E-BEFD-69E4-8B49-212B09B47B2F}.InEditor|WindowsStandalone32.Build.0 = InEditor|WindowsStandalone32
		{6055BE8E-BEFD-69E4-8B49-212B09B47B2F}.InEditor|WindowsStandalone64.ActiveCfg = InEditor|WindowsStandalone64
		{6055BE8E-BEFD-69E4-8B49-212B09B47B2F}.InEditor|WindowsStandalone64.Build.0 = InEditor|WindowsStandalone64
		{6055BE8E-BEFD-69E4-8B49-212B09B47B2F}.InEditor|WSA.ActiveCfg = InEditor|WSA
		{6055BE8E-BEFD-69E4-8B49-212B09B47B2F}.InEditor|WSA.Build.0 = InEditor|WSA
		{6055BE8E-BEFD-69E4-8B49-212B09B47B2F}.Player|Android.ActiveCfg = Player|Android
		{6055BE8E-BEFD-69E4-8B49-212B09B47B2F}.Player|Android.Build.0 = Player|Android
		{6055BE8E-BEFD-69E4-8B49-212B09B47B2F}.Player|iOS.ActiveCfg = Player|iOS
		{6055BE8E-BEFD-69E4-8B49-212B09B47B2F}.Player|iOS.Build.0 = Player|iOS
		{6055BE8E-BEFD-69E4-8B49-212B09B47B2F}.Player|WindowsStandalone32.ActiveCfg = Player|WindowsStandalone32
		{6055BE8E-BEFD-69E4-8B49-212B09B47B2F}.Player|WindowsStandalone32.Build.0 = Player|WindowsStandalone32
		{6055BE8E-BEFD-69E4-8B49-212B09B47B2F}.Player|WindowsStandalone64.ActiveCfg = Player|WindowsStandalone64
		{6055BE8E-BEFD-69E4-8B49-212B09B47B2F}.Player|WindowsStandalone64.Build.0 = Player|WindowsStandalone64
		{6055BE8E-BEFD-69E4-8B49-212B09B47B2F}.Player|WSA.ActiveCfg = Player|WSA
		{6055BE8E-BEFD-69E4-8B49-212B09B47B2F}.Player|WSA.Build.0 = Player|WSA
		{D76576B7-68DA-4171-B007-F21C44FABE13}.InEditor|Android.ActiveCfg = InEditor|Android
		{D76576B7-68DA-4171-B007-F21C44FABE13}.InEditor|Android.Build.0 = InEditor|Android
		{D76576B7-68DA-4171-B007-F21C44FABE13}.InEditor|iOS.ActiveCfg = InEditor|iOS
		{D76576B7-68DA-4171-B007-F21C44FABE13}.InEditor|iOS.Build.0 = InEditor|iOS
		{D76576B7-68DA-4171-B007-F21C44FABE13}.InEditor|WindowsStandalone32.ActiveCfg = InEditor|WindowsStandalone32
		{D76576B7-68DA-4171-B007-F21C44FABE13}.InEditor|WindowsStandalone32.Build.0 = InEditor|WindowsStandalone32
		{D76576B7-68DA-4171-B007-F21C44FABE13}.InEditor|WindowsStandalone64.ActiveCfg = InEditor|WindowsStandalone64
		{D76576B7-68DA-4171-B007-F21C44FABE13}.InEditor|WindowsStandalone64.Build.0 = InEditor|WindowsStandalone64
		{D76576B7-68DA-4171-B007-F21C44FABE13}.InEditor|WSA.ActiveCfg = InEditor|WSA
		{D76576B7-68DA-4171-B007-F21C44FABE13}.InEditor|WSA.Build.0 = InEditor|WSA
		{D76576B7-68DA-4171-B007-F21C44FABE13}.Player|Android.ActiveCfg = Player|Android
		{D76576B7-68DA-4171-B007-F21C44FABE13}.Player|iOS.ActiveCfg = Player|iOS
		{D76576B7-68DA-4171-B007-F21C44FABE13}.Player|WindowsStandalone32.ActiveCfg = Player|WindowsStandalone32
		{D76576B7-68DA-4171-B007-F21C44FABE13}.Player|WindowsStandalone64.ActiveCfg = Player|WindowsStandalone64
		{D76576B7-68DA-4171-B007-F21C44FABE13}.Player|WSA.ActiveCfg = Player|WSA
		{DFD0CE20-189D-48E5-B22B-B4134B558F5A}.InEditor|Android.ActiveCfg = InEditor|Android
		{DFD0CE20-189D-48E5-B22B-B4134B558F5A}.InEditor|Android.Build.0 = InEditor|Android
		{DFD0CE20-189D-48E5-B22B-B4134B558F5A}.InEditor|iOS.ActiveCfg = InEditor|iOS
		{DFD0CE20-189D-48E5-B22B-B4134B558F5A}.InEditor|iOS.Build.0 = InEditor|iOS
		{DFD0CE20-189D-48E5-B22B-B4134B558F5A}.InEditor|WindowsStandalone32.ActiveCfg = InEditor|WindowsStandalone32
		{DFD0CE20-189D-48E5-B22B-B4134B558F5A}.InEditor|WindowsStandalone32.Build.0 = InEditor|WindowsStandalone32
		{DFD0CE20-189D-48E5-B22B-B4134B558F5A}.InEditor|WindowsStandalone64.ActiveCfg = InEditor|WindowsStandalone64
		{DFD0CE20-189D-48E5-B22B-B4134B558F5A}.InEditor|WindowsStandalone64.Build.0 = InEditor|WindowsStandalone64
		{DFD0CE20-189D-48E5-B22B-B4134B558F5A}.InEditor|WSA.ActiveCfg = InEditor|WSA
		{DFD0CE20-189D-48E5-B22B-B4134B558F5A}.InEditor|WSA.Build.0 = InEditor|WSA
		{DFD0CE20-189D-48E5-B22B-B4134B558F5A}.Player|Android.ActiveCfg = Player|Android
		{DFD0CE20-189D-48E5-B22B-B4134B558F5A}.Player|iOS.ActiveCfg = Player|iOS
		{DFD0CE20-189D-48E5-B22B-B4134B558F5A}.Player|iOS.Build.0 = Player|iOS
		{DFD0CE20-189D-48E5-B22B-B4134B558F5A}.Player|WindowsStandalone32.ActiveCfg = Player|WindowsStandalone32
		{DFD0CE20-189D-48E5-B22B-B4134B558F5A}.Player|WindowsStandalone64.ActiveCfg = Player|WindowsStandalone64
		{DFD0CE20-189D-48E5-B22B-B4134B558F5A}.Player|WSA.ActiveCfg = Player|WSA
		{7F759C46-4CB5-EA84-48D4-41F13B57AEC0}.InEditor|Android.ActiveCfg = InEditor|Android
		{7F759C46-4CB5-EA84-48D4-41F13B57AEC0}.InEditor|Android.Build.0 = InEditor|Android
		{7F759C46-4CB5-EA84-48D4-41F13B57AEC0}.InEditor|iOS.ActiveCfg = InEditor|iOS
		{7F759C46-4CB5-EA84-48D4-41F13B57AEC0}.InEditor|iOS.Build.0 = InEditor|iOS
		{7F759C46-4CB5-EA84-48D4-41F13B57AEC0}.InEditor|WindowsStandalone32.ActiveCfg = InEditor|WindowsStandalone32
		{7F759C46-4CB5-EA84-48D4-41F13B57AEC0}.InEditor|WindowsStandalone32.Build.0 = InEditor|WindowsStandalone32
		{7F759C46-4CB5-EA84-48D4-41F13B57AEC0}.InEditor|WindowsStandalone64.ActiveCfg = InEditor|WindowsStandalone64
		{7F759C46-4CB5-EA84-48D4-41F13B57AEC0}.InEditor|WindowsStandalone64.Build.0 = InEditor|WindowsStandalone64
		{7F759C46-4CB5-EA84-48D4-41F13B57AEC0}.InEditor|WSA.ActiveCfg = InEditor|WSA
		{7F759C46-4CB5-EA84-48D4-41F13B57AEC0}.InEditor|WSA.Build.0 = InEditor|WSA
		{7F759C46-4CB5-EA84-48D4-41F13B57AEC0}.Player|Android.ActiveCfg = Player|Android
		{7F759C46-4CB5-EA84-48D4-41F13B57AEC0}.Player|iOS.ActiveCfg = Player|iOS
		{7F759C46-4CB5-EA84-48D4-41F13B57AEC0}.Player|WindowsStandalone32.ActiveCfg = Player|WindowsStandalone32
		{7F759C46-4CB5-EA84-48D4-41F13B57AEC0}.Player|WindowsStandalone64.ActiveCfg = Player|WindowsStandalone64
		{7F759C46-4CB5-EA84-48D4-41F13B57AEC0}.Player|WSA.ActiveCfg = Player|WSA
		{6546D776-5B41-65B4-0850-B3667F981C26}.InEditor|Android.ActiveCfg = InEditor|Android
		{6546D776-5B41-65B4-0850-B3667F981C26}.InEditor|Android.Build.0 = InEditor|Android
		{6546D776-5B41-65B4-0850-B3667F981C26}.InEditor|iOS.ActiveCfg = InEditor|iOS
		{6546D776-5B41-65B4-0850-B3667F981C26}.InEditor|iOS.Build.0 = InEditor|iOS
		{6546D776-5B41-65B4-0850-B3667F981C26}.InEditor|WindowsStandalone32.ActiveCfg = InEditor|WindowsStandalone32
		{6546D776-5B41-65B4-0850-B3667F981C26}.InEditor|WindowsStandalone32.Build.0 = InEditor|WindowsStandalone32
		{6546D776-5B41-65B4-0850-B3667F981C26}.InEditor|WindowsStandalone64.ActiveCfg = InEditor|WindowsStandalone64
		{6546D776-5B41-65B4-0850-B3667F981C26}.InEditor|WindowsStandalone64.Build.0 = InEditor|WindowsStandalone64
		{6546D776-5B41-65B4-0850-B3667F981C26}.InEditor|WSA.ActiveCfg = InEditor|WSA
		{6546D776-5B41-65B4-0850-B3667F981C26}.InEditor|WSA.Build.0 = InEditor|WSA
		{6546D776-5B41-65B4-0850-B3667F981C26}.Player|Android.ActiveCfg = Player|Android
		{6546D776-5B41-65B4-0850-B3667F981C26}.Player|iOS.ActiveCfg = Player|iOS
		{6546D776-5B41-65B4-0850-B3667F981C26}.Player|WindowsStandalone32.ActiveCfg = Player|WindowsStandalone32
		{6546D776-5B41-65B4-0850-B3667F981C26}.Player|WindowsStandalone64.ActiveCfg = Player|WindowsStandalone64
		{6546D776-5B41-65B4-0850-B3667F981C26}.Player|WSA.ActiveCfg = Player|WSA
		{7910D4AF-31B7-41AC-B1BC-E1140634A975}.InEditor|Android.ActiveCfg = InEditor|Android
		{7910D4AF-31B7-41AC-B1BC-E1140634A975}.InEditor|Android.Build.0 = InEditor|Android
		{7910D4AF-31B7-41AC-B1BC-E1140634A975}.InEditor|iOS.ActiveCfg = InEditor|iOS
		{7910D4AF-31B7-41AC-B1BC-E1140634A975}.InEditor|iOS.Build.0 = InEditor|iOS
		{7910D4AF-31B7-41AC-B1BC-E1140634A975}.InEditor|WindowsStandalone32.ActiveCfg = InEditor|WindowsStandalone32
		{7910D4AF-31B7-41AC-B1BC-E1140634A975}.InEditor|WindowsStandalone32.Build.0 = InEditor|WindowsStandalone32
		{7910D4AF-31B7-41AC-B1BC-E1140634A975}.InEditor|WindowsStandalone64.ActiveCfg = InEditor|WindowsStandalone64
		{7910D4AF-31B7-41AC-B1BC-E1140634A975}.InEditor|WindowsStandalone64.Build.0 = InEditor|WindowsStandalone64
		{7910D4AF-31B7-41AC-B1BC-E1140634A975}.InEditor|WSA.ActiveCfg = InEditor|WSA
		{7910D4AF-31B7-41AC-B1BC-E1140634A975}.InEditor|WSA.Build.0 = InEditor|WSA
		{7910D4AF-31B7-41AC-B1BC-E1140634A975}.Player|Android.ActiveCfg = Player|Android
		{7910D4AF-31B7-41AC-B1BC-E1140634A975}.Player|iOS.ActiveCfg = Player|iOS
		{7910D4AF-31B7-41AC-B1BC-E1140634A975}.Player|WindowsStandalone32.ActiveCfg = Player|WindowsStandalone32
		{7910D4AF-31B7-41AC-B1BC-E1140634A975}.Player|WindowsStandalone64.ActiveCfg = Player|WindowsStandalone64
		{7910D4AF-31B7-41AC-B1BC-E1140634A975}.Player|WSA.ActiveCfg = Player|WSA
		{97386677-BCE5-44C1-A6D1-B348C273B000}.InEditor|Android.ActiveCfg = InEditor|Android
		{97386677-BCE5-44C1-A6D1-B348C273B000}.InEditor|Android.Build.0 = InEditor|Android
		{97386677-BCE5-44C1-A6D1-B348C273B000}.InEditor|iOS.ActiveCfg = InEditor|iOS
		{97386677-BCE5-44C1-A6D1-B348C273B000}.InEditor|iOS.Build.0 = InEditor|iOS
		{97386677-BCE5-44C1-A6D1-B348C273B000}.InEditor|WindowsStandalone32.ActiveCfg = InEditor|WindowsStandalone32
		{97386677-BCE5-44C1-A6D1-B348C273B000}.InEditor|WindowsStandalone32.Build.0 = InEditor|WindowsStandalone32
		{97386677-BCE5-44C1-A6D1-B348C273B000}.InEditor|WindowsStandalone64.ActiveCfg = InEditor|WindowsStandalone64
		{97386677-BCE5-44C1-A6D1-B348C273B000}.InEditor|WindowsStandalone64.Build.0 = InEditor|WindowsStandalone64
		{97386677-BCE5-44C1-A6D1-B348C273B000}.InEditor|WSA.ActiveCfg = InEditor|WSA
		{97386677-BCE5-44C1-A6D1-B348C273B000}.InEditor|WSA.Build.0 = InEditor|WSA
		{97386677-BCE5-44C1-A6D1-B348C273B000}.Player|Android.ActiveCfg = Player|Android
		{97386677-BCE5-44C1-A6D1-B348C273B000}.Player|Android.Build.0 = Player|Android
		{97386677-BCE5-44C1-A6D1-B348C273B000}.Player|iOS.ActiveCfg = Player|iOS
		{97386677-BCE5-44C1-A6D1-B348C273B000}.Player|iOS.Build.0 = Player|iOS
		{97386677-BCE5-44C1-A6D1-B348C273B000}.Player|WindowsStandalone32.ActiveCfg = Player|WindowsStandalone32
		{97386677-BCE5-44C1-A6D1-B348C273B000}.Player|WindowsStandalone32.Build.0 = Player|WindowsStandalone32
		{97386677-BCE5-44C1-A6D1-B348C273B000}.Player|WindowsStandalone64.ActiveCfg = Player|WindowsStandalone64
		{97386677-BCE5-44C1-A6D1-B348C273B000}.Player|WindowsStandalone64.Build.0 = Player|WindowsStandalone64
		{97386677-BCE5-44C1-A6D1-B348C273B000}.Player|WSA.ActiveCfg = Player|WSA
		{97386677-BCE5-44C1-A6D1-B348C273B000}.Player|WSA.Build.0 = Player|WSA
		{86B9A0C9-B3A4-4A1B-9A2A-6C42CAAE9CE3}.Debug|Any CPU.ActiveCfg = Debug|Any CPU
		{86B9A0C9-B3A4-4A1B-9A2A-6C42CAAE9CE3}.Debug|Any CPU.Build.0 = Debug|Any CPU
		{86B9A0C9-B3A4-4A1B-9A2A-6C42CAAE9CE3}.InEditor|Android.ActiveCfg = Debug|Any CPU
		{86B9A0C9-B3A4-4A1B-9A2A-6C42CAAE9CE3}.InEditor|iOS.ActiveCfg = Debug|Any CPU
		{86B9A0C9-B3A4-4A1B-9A2A-6C42CAAE9CE3}.InEditor|WindowsStandalone32.ActiveCfg = Debug|Any CPU
		{86B9A0C9-B3A4-4A1B-9A2A-6C42CAAE9CE3}.InEditor|WindowsStandalone64.ActiveCfg = Debug|Any CPU
		{86B9A0C9-B3A4-4A1B-9A2A-6C42CAAE9CE3}.InEditor|WSA.ActiveCfg = Debug|Any CPU
		{86B9A0C9-B3A4-4A1B-9A2A-6C42CAAE9CE3}.Player|Android.ActiveCfg = Debug|Any CPU
		{86B9A0C9-B3A4-4A1B-9A2A-6C42CAAE9CE3}.Player|iOS.ActiveCfg = Debug|Any CPU
		{86B9A0C9-B3A4-4A1B-9A2A-6C42CAAE9CE3}.Player|WindowsStandalone32.ActiveCfg = Debug|Any CPU
		{86B9A0C9-B3A4-4A1B-9A2A-6C42CAAE9CE3}.Player|WindowsStandalone64.ActiveCfg = Debug|Any CPU
		{86B9A0C9-B3A4-4A1B-9A2A-6C42CAAE9CE3}.Player|WSA.ActiveCfg = Debug|Any CPU
		{86B9A0C9-B3A4-4A1B-9A2A-6C42CAAE9CE3}.Release|Any CPU.ActiveCfg = Release|Any CPU
		{86B9A0C9-B3A4-4A1B-9A2A-6C42CAAE9CE3}.Release|Any CPU.Build.0 = Release|Any CPU
	EndGlobalSection
	GlobalSection(SolutionProperties) = preSolution
		HideSolutionNode = FALSE
	EndGlobalSection
	GlobalSection(NestedProjects) = preSolution
		{F06555F7-5B07-0AF4-58A0-03D92F9EFB00} = {AE8031DB-34EF-45DA-B7DC-C5FFEB6AD8BB}
		{D03624F0-2FD4-AEF4-AA6B-888A1B059AD7} = {59F99E2F-2341-4899-8322-94A3CBAD1CAB}
		{A44F47CF-3ADA-4435-DBC5-16BAD0BC86FE} = {59F99E2F-2341-4899-8322-94A3CBAD1CAB}
		{5710C1F8-59F1-945B-6BC9-B33CFF6B43FC} = {59F99E2F-2341-4899-8322-94A3CBAD1CAB}
		{8B845B12-3AB4-1844-8A8B-E2935FA804E0} = {59F99E2F-2341-4899-8322-94A3CBAD1CAB}
		{DD3313CA-0C5C-44BC-F9D0-4FB62792CA4F} = {59F99E2F-2341-4899-8322-94A3CBAD1CAB}
		{BA171B3D-D2A5-1234-AB86-4770F99741A5} = {59F99E2F-2341-4899-8322-94A3CBAD1CAB}
		{2BAFAC87-E7F4-B9B4-18D9-448D219B01AB} = {AE8031DB-34EF-45DA-B7DC-C5FFEB6AD8BB}
		{343DEAAF-83E0-CEE4-CA97-8E7DF0B80D21} = {AE8031DB-34EF-45DA-B7DC-C5FFEB6AD8BB}
		{645165C8-1694-74BF-BBEB-8FB0BCFD26F5} = {59F99E2F-2341-4899-8322-94A3CBAD1CAB}
		{28C5E819-ECE8-A074-6ABB-16DC5AA91F44} = {59F99E2F-2341-4899-8322-94A3CBAD1CAB}
		{D528C8C9-8D26-9CA4-4A06-CD9624A03945} = {59F99E2F-2341-4899-8322-94A3CBAD1CAB}
		{0DF1F49A-50F1-5354-5BF9-9E3DBB6674AD} = {91D0E16C-0D52-4506-A68B-492BE89AB57C}
		{2C573E6B-2716-5184-6A79-655161004C5B} = {AE8031DB-34EF-45DA-B7DC-C5FFEB6AD8BB}
		{3A9781DB-4804-A994-5B98-83F3A7C46D45} = {AE8031DB-34EF-45DA-B7DC-C5FFEB6AD8BB}
		{B13A1D1D-FB13-F1B4-89A0-FF5612F36F29} = {59F99E2F-2341-4899-8322-94A3CBAD1CAB}
		{0FDA7EBE-61AB-2164-383D-10E32EFB9C6E} = {59F99E2F-2341-4899-8322-94A3CBAD1CAB}
		{52C867DE-B383-2554-C84D-C4202BD47258} = {59F99E2F-2341-4899-8322-94A3CBAD1CAB}
		{02F77120-4943-F4A4-0949-438E873E3EFF} = {AE8031DB-34EF-45DA-B7DC-C5FFEB6AD8BB}
		{92703082-F92B-41BA-80F0-D6912DE66115} = {59F99E2F-2341-4899-8322-94A3CBAD1CAB}
		{1C73E6E1-E2B7-8495-3A92-12924DC002D1} = {59F99E2F-2341-4899-8322-94A3CBAD1CAB}
		{8B0C2853-A940-D4FD-9979-BAC438EB5BF3} = {59F99E2F-2341-4899-8322-94A3CBAD1CAB}
		{9E6BDF94-FCB2-45C5-85C2-6819FA23A202} = {59F99E2F-2341-4899-8322-94A3CBAD1CAB}
		{A9420E37-D799-0B54-ABDE-F6688EDBE313} = {59F99E2F-2341-4899-8322-94A3CBAD1CAB}
		{6055BE8E-BEFD-69E4-8B49-212B09B47B2F} = {59F99E2F-2341-4899-8322-94A3CBAD1CAB}
		{D76576B7-68DA-4171-B007-F21C44FABE13} = {59F99E2F-2341-4899-8322-94A3CBAD1CAB}
		{DFD0CE20-189D-48E5-B22B-B4134B558F5A} = {59F99E2F-2341-4899-8322-94A3CBAD1CAB}
		{7F759C46-4CB5-EA84-48D4-41F13B57AEC0} = {59F99E2F-2341-4899-8322-94A3CBAD1CAB}
		{6546D776-5B41-65B4-0850-B3667F981C26} = {59F99E2F-2341-4899-8322-94A3CBAD1CAB}
		{7910D4AF-31B7-41AC-B1BC-E1140634A975} = {59F99E2F-2341-4899-8322-94A3CBAD1CAB}
	EndGlobalSection
	GlobalSection(ExtensibilityGlobals) = postSolution
		SolutionGuid = {76242699-C2C2-49F2-8ED5-A97045C2C8EC}
	EndGlobalSection
	GlobalSection(SolutionNotes) = postSolution
		{AE8031DB-34EF-45DA-B7DC-C5FFEB6AD8BB} = msb4u.generated
		{59F99E2F-2341-4899-8322-94A3CBAD1CAB} = msb4u.generated
		{91D0E16C-0D52-4506-A68B-492BE89AB57C} = msb4u.generated
		{F06555F7-5B07-0AF4-58A0-03D92F9EFB00} = msb4u.generated
		{D03624F0-2FD4-AEF4-AA6B-888A1B059AD7} = msb4u.generated
		{A44F47CF-3ADA-4435-DBC5-16BAD0BC86FE} = msb4u.generated
		{5710C1F8-59F1-945B-6BC9-B33CFF6B43FC} = msb4u.generated
		{8B845B12-3AB4-1844-8A8B-E2935FA804E0} = msb4u.generated
		{DD3313CA-0C5C-44BC-F9D0-4FB62792CA4F} = msb4u.generated
		{BA171B3D-D2A5-1234-AB86-4770F99741A5} = msb4u.generated
		{2BAFAC87-E7F4-B9B4-18D9-448D219B01AB} = msb4u.generated
		{343DEAAF-83E0-CEE4-CA97-8E7DF0B80D21} = msb4u.generated
		{645165C8-1694-74BF-BBEB-8FB0BCFD26F5} = msb4u.generated
		{28C5E819-ECE8-A074-6ABB-16DC5AA91F44} = msb4u.generated
		{D528C8C9-8D26-9CA4-4A06-CD9624A03945} = msb4u.generated
		{0DF1F49A-50F1-5354-5BF9-9E3DBB6674AD} = msb4u.generated
		{2C573E6B-2716-5184-6A79-655161004C5B} = msb4u.generated
		{3A9781DB-4804-A994-5B98-83F3A7C46D45} = msb4u.generated
		{B13A1D1D-FB13-F1B4-89A0-FF5612F36F29} = msb4u.generated
		{0FDA7EBE-61AB-2164-383D-10E32EFB9C6E} = msb4u.generated
		{52C867DE-B383-2554-C84D-C4202BD47258} = msb4u.generated
		{02F77120-4943-F4A4-0949-438E873E3EFF} = msb4u.generated
		{92703082-F92B-41BA-80F0-D6912DE66115} = msb4u.generated
		{1C73E6E1-E2B7-8495-3A92-12924DC002D1} = msb4u.generated
		{8B0C2853-A940-D4FD-9979-BAC438EB5BF3} = msb4u.generated
		{9E6BDF94-FCB2-45C5-85C2-6819FA23A202} = msb4u.generated
		{A9420E37-D799-0B54-ABDE-F6688EDBE313} = msb4u.generated
		{6055BE8E-BEFD-69E4-8B49-212B09B47B2F} = msb4u.generated
		{D76576B7-68DA-4171-B007-F21C44FABE13} = msb4u.generated
		{DFD0CE20-189D-48E5-B22B-B4134B558F5A} = msb4u.generated
		{7F759C46-4CB5-EA84-48D4-41F13B57AEC0} = msb4u.generated
		{6546D776-5B41-65B4-0850-B3667F981C26} = msb4u.generated
		{7910D4AF-31B7-41AC-B1BC-E1140634A975} = msb4u.generated
		{97386677-BCE5-44C1-A6D1-B348C273B000} = msb4u.generated
		{86B9A0C9-B3A4-4A1B-9A2A-6C42CAAE9CE3} = msb4u.generated
	EndGlobalSection
EndGlobal
